// !$*UTF8*$!
{
	archiveVersion = 1;
	classes = {
	};
	objectVersion = 56;
	objects = {

/* Begin PBXBuildFile section */
		090FE8632AFBC77A004C26A1 /* MentoringAPIApp.swift in Sources */ = {isa = PBXBuildFile; fileRef = 090FE8622AFBC77A004C26A1 /* MentoringAPIApp.swift */; };
		090FE8652AFBC77A004C26A1 /* StartingView.swift in Sources */ = {isa = PBXBuildFile; fileRef = 090FE8642AFBC77A004C26A1 /* StartingView.swift */; };
		090FE8672AFBC77C004C26A1 /* Assets.xcassets in Resources */ = {isa = PBXBuildFile; fileRef = 090FE8662AFBC77C004C26A1 /* Assets.xcassets */; };
		090FE86A2AFBC77C004C26A1 /* Preview Assets.xcassets in Resources */ = {isa = PBXBuildFile; fileRef = 090FE8692AFBC77C004C26A1 /* Preview Assets.xcassets */; };
		090FE8712AFBCB04004C26A1 /* SelectView.swift in Sources */ = {isa = PBXBuildFile; fileRef = 090FE8702AFBCB04004C26A1 /* SelectView.swift */; };
		090FE8732AFBD16B004C26A1 /* LauchedView.swift in Sources */ = {isa = PBXBuildFile; fileRef = 090FE8722AFBD16B004C26A1 /* LauchedView.swift */; };
		090FE8762AFBD4F5004C26A1 /* CelebrityResponse.swift in Sources */ = {isa = PBXBuildFile; fileRef = 090FE8752AFBD4F5004C26A1 /* CelebrityResponse.swift */; };
		090FE8782AFBDA8D004C26A1 /* TestViewController.swift in Sources */ = {isa = PBXBuildFile; fileRef = 090FE8772AFBDA8D004C26A1 /* TestViewController.swift */; };
		090FE8A32AFCECBF004C26A1 /* NetworkManager.swift in Sources */ = {isa = PBXBuildFile; fileRef = 090FE8A22AFCECBF004C26A1 /* NetworkManager.swift */; };
		090FE8A52AFCF209004C26A1 /* FaceInfo.plist in Resources */ = {isa = PBXBuildFile; fileRef = 090FE8A42AFCF209004C26A1 /* FaceInfo.plist */; };
		090FE8A72AFCF2EB004C26A1 /* LookLike++Bundle.swift in Sources */ = {isa = PBXBuildFile; fileRef = 090FE8A62AFCF2EB004C26A1 /* LookLike++Bundle.swift */; };
		090FE9CB2B050963004C26A1 /* PhotoPicker.swift in Sources */ = {isa = PBXBuildFile; fileRef = 090FE9CA2B050963004C26A1 /* PhotoPicker.swift */; };
		090FE9CD2B05210D004C26A1 /* CameraSnap.swift in Sources */ = {isa = PBXBuildFile; fileRef = 090FE9CC2B05210D004C26A1 /* CameraSnap.swift */; };
		090FE9F12B05A961004C26A1 /* ResultView.swift in Sources */ = {isa = PBXBuildFile; fileRef = 090FE9F02B05A961004C26A1 /* ResultView.swift */; };
		090FE9F42B05B15A004C26A1 /* LoadingView.swift in Sources */ = {isa = PBXBuildFile; fileRef = 090FE9F32B05B15A004C26A1 /* LoadingView.swift */; };
		090FEA182B05D336004C26A1 /* LoadingWheel.swift in Sources */ = {isa = PBXBuildFile; fileRef = 090FEA172B05D336004C26A1 /* LoadingWheel.swift */; };
		090FEA1C2B06090F004C26A1 /* LoadingDots.swift in Sources */ = {isa = PBXBuildFile; fileRef = 090FEA1B2B06090F004C26A1 /* LoadingDots.swift */; };
		090FEA202B067E83004C26A1 /* Router.swift in Sources */ = {isa = PBXBuildFile; fileRef = 090FEA1F2B067E83004C26A1 /* Router.swift */; };
		0974AEFE2B0A45130094EE7B /* Errors.swift in Sources */ = {isa = PBXBuildFile; fileRef = 0974AEFD2B0A45130094EE7B /* Errors.swift */; };
		09FD20502B0A57F1009FD43C /* UIImage+.swift in Sources */ = {isa = PBXBuildFile; fileRef = 09FD204F2B0A57F1009FD43C /* UIImage+.swift */; };
		09FD20522B0A5950009FD43C /* NoResult.swift in Sources */ = {isa = PBXBuildFile; fileRef = 09FD20512B0A5950009FD43C /* NoResult.swift */; };
		09FD20542B0A595A009FD43C /* ResultList.swift in Sources */ = {isa = PBXBuildFile; fileRef = 09FD20532B0A595A009FD43C /* ResultList.swift */; };
		09FD20572B0ADC3F009FD43C /* Custom.swift in Sources */ = {isa = PBXBuildFile; fileRef = 09FD20562B0ADC3F009FD43C /* Custom.swift */; };
/* End PBXBuildFile section */

/* Begin PBXFileReference section */
		090FE85F2AFBC77A004C26A1 /* MentoringAPI.app */ = {isa = PBXFileReference; explicitFileType = wrapper.application; includeInIndex = 0; path = MentoringAPI.app; sourceTree = BUILT_PRODUCTS_DIR; };
		090FE8622AFBC77A004C26A1 /* MentoringAPIApp.swift */ = {isa = PBXFileReference; lastKnownFileType = sourcecode.swift; path = MentoringAPIApp.swift; sourceTree = "<group>"; };
		090FE8642AFBC77A004C26A1 /* StartingView.swift */ = {isa = PBXFileReference; lastKnownFileType = sourcecode.swift; path = StartingView.swift; sourceTree = "<group>"; };
		090FE8662AFBC77C004C26A1 /* Assets.xcassets */ = {isa = PBXFileReference; lastKnownFileType = folder.assetcatalog; path = Assets.xcassets; sourceTree = "<group>"; };
		090FE8692AFBC77C004C26A1 /* Preview Assets.xcassets */ = {isa = PBXFileReference; lastKnownFileType = folder.assetcatalog; path = "Preview Assets.xcassets"; sourceTree = "<group>"; };
		090FE8702AFBCB04004C26A1 /* SelectView.swift */ = {isa = PBXFileReference; lastKnownFileType = sourcecode.swift; path = SelectView.swift; sourceTree = "<group>"; };
		090FE8722AFBD16B004C26A1 /* LauchedView.swift */ = {isa = PBXFileReference; lastKnownFileType = sourcecode.swift; path = LauchedView.swift; sourceTree = "<group>"; };
		090FE8752AFBD4F5004C26A1 /* CelebrityResponse.swift */ = {isa = PBXFileReference; lastKnownFileType = sourcecode.swift; path = CelebrityResponse.swift; sourceTree = "<group>"; };
		090FE8772AFBDA8D004C26A1 /* TestViewController.swift */ = {isa = PBXFileReference; lastKnownFileType = sourcecode.swift; path = TestViewController.swift; sourceTree = "<group>"; };
		090FE8A22AFCECBF004C26A1 /* NetworkManager.swift */ = {isa = PBXFileReference; lastKnownFileType = sourcecode.swift; path = NetworkManager.swift; sourceTree = "<group>"; };
		090FE8A42AFCF209004C26A1 /* FaceInfo.plist */ = {isa = PBXFileReference; lastKnownFileType = text.plist.xml; path = FaceInfo.plist; sourceTree = "<group>"; };
		090FE8A62AFCF2EB004C26A1 /* LookLike++Bundle.swift */ = {isa = PBXFileReference; lastKnownFileType = sourcecode.swift; path = "LookLike++Bundle.swift"; sourceTree = "<group>"; };
		090FE9CA2B050963004C26A1 /* PhotoPicker.swift */ = {isa = PBXFileReference; lastKnownFileType = sourcecode.swift; path = PhotoPicker.swift; sourceTree = "<group>"; };
		090FE9CC2B05210D004C26A1 /* CameraSnap.swift */ = {isa = PBXFileReference; lastKnownFileType = sourcecode.swift; path = CameraSnap.swift; sourceTree = "<group>"; };
		090FE9F02B05A961004C26A1 /* ResultView.swift */ = {isa = PBXFileReference; lastKnownFileType = sourcecode.swift; path = ResultView.swift; sourceTree = "<group>"; };
		090FE9F32B05B15A004C26A1 /* LoadingView.swift */ = {isa = PBXFileReference; lastKnownFileType = sourcecode.swift; path = LoadingView.swift; sourceTree = "<group>"; };
		090FEA172B05D336004C26A1 /* LoadingWheel.swift */ = {isa = PBXFileReference; lastKnownFileType = sourcecode.swift; path = LoadingWheel.swift; sourceTree = "<group>"; };
		090FEA1B2B06090F004C26A1 /* LoadingDots.swift */ = {isa = PBXFileReference; lastKnownFileType = sourcecode.swift; path = LoadingDots.swift; sourceTree = "<group>"; };
		090FEA1F2B067E83004C26A1 /* Router.swift */ = {isa = PBXFileReference; lastKnownFileType = sourcecode.swift; path = Router.swift; sourceTree = "<group>"; };
		0974AEFD2B0A45130094EE7B /* Errors.swift */ = {isa = PBXFileReference; lastKnownFileType = sourcecode.swift; path = Errors.swift; sourceTree = "<group>"; };
		09FD204F2B0A57F1009FD43C /* UIImage+.swift */ = {isa = PBXFileReference; lastKnownFileType = sourcecode.swift; path = "UIImage+.swift"; sourceTree = "<group>"; };
		09FD20512B0A5950009FD43C /* NoResult.swift */ = {isa = PBXFileReference; lastKnownFileType = sourcecode.swift; path = NoResult.swift; sourceTree = "<group>"; };
		09FD20532B0A595A009FD43C /* ResultList.swift */ = {isa = PBXFileReference; lastKnownFileType = sourcecode.swift; path = ResultList.swift; sourceTree = "<group>"; };
		09FD20562B0ADC3F009FD43C /* Custom.swift */ = {isa = PBXFileReference; lastKnownFileType = sourcecode.swift; path = Custom.swift; sourceTree = "<group>"; };
/* End PBXFileReference section */

/* Begin PBXFrameworksBuildPhase section */
		090FE85C2AFBC77A004C26A1 /* Frameworks */ = {
			isa = PBXFrameworksBuildPhase;
			buildActionMask = 2147483647;
			files = (
			);
			runOnlyForDeploymentPostprocessing = 0;
		};
/* End PBXFrameworksBuildPhase section */

/* Begin PBXGroup section */
		090FE8562AFBC77A004C26A1 = {
			isa = PBXGroup;
			children = (
				090FE8612AFBC77A004C26A1 /* MentoringAPI */,
				090FE8602AFBC77A004C26A1 /* Products */,
			);
			sourceTree = "<group>";
		};
		090FE8602AFBC77A004C26A1 /* Products */ = {
			isa = PBXGroup;
			children = (
				090FE85F2AFBC77A004C26A1 /* MentoringAPI.app */,
			);
			name = Products;
			sourceTree = "<group>";
		};
		090FE8612AFBC77A004C26A1 /* MentoringAPI */ = {
			isa = PBXGroup;
			children = (
				090FE8622AFBC77A004C26A1 /* MentoringAPIApp.swift */,
				090FEA1F2B067E83004C26A1 /* Router.swift */,
				090FE9C82B050933004C26A1 /* Start */,
				090FE9C92B05094A004C26A1 /* Select */,
				09FD20552B0A5962009FD43C /* Loading */,
				090FE9F22B05A971004C26A1 /* Result */,
				090FE8792AFC584D004C26A1 /* Network */,
				090FE8742AFBD4CB004C26A1 /* Model */,
				09FD204E2B0A57CE009FD43C /* Customs */,
				090FE8662AFBC77C004C26A1 /* Assets.xcassets */,
				090FE8682AFBC77C004C26A1 /* Preview Content */,
			);
			path = MentoringAPI;
			sourceTree = "<group>";
		};
		090FE8682AFBC77C004C26A1 /* Preview Content */ = {
			isa = PBXGroup;
			children = (
				090FE8692AFBC77C004C26A1 /* Preview Assets.xcassets */,
			);
			path = "Preview Content";
			sourceTree = "<group>";
		};
		090FE8742AFBD4CB004C26A1 /* Model */ = {
			isa = PBXGroup;
			children = (
				090FE8752AFBD4F5004C26A1 /* CelebrityResponse.swift */,
				0974AEFD2B0A45130094EE7B /* Errors.swift */,
				090FE8772AFBDA8D004C26A1 /* TestViewController.swift */,
			);
			path = Model;
			sourceTree = "<group>";
		};
		090FE8792AFC584D004C26A1 /* Network */ = {
			isa = PBXGroup;
			children = (
				090FE8A22AFCECBF004C26A1 /* NetworkManager.swift */,
			);
			path = Network;
			sourceTree = "<group>";
		};
		090FE9C82B050933004C26A1 /* Start */ = {
			isa = PBXGroup;
			children = (
				090FE8722AFBD16B004C26A1 /* LauchedView.swift */,
				090FE8642AFBC77A004C26A1 /* StartingView.swift */,
			);
			path = Start;
			sourceTree = "<group>";
		};
		090FE9C92B05094A004C26A1 /* Select */ = {
			isa = PBXGroup;
			children = (
				090FE8702AFBCB04004C26A1 /* SelectView.swift */,
				090FE9CC2B05210D004C26A1 /* CameraSnap.swift */,
				090FE9CA2B050963004C26A1 /* PhotoPicker.swift */,
			);
			path = Select;
			sourceTree = "<group>";
		};
		090FE9F22B05A971004C26A1 /* Result */ = {
			isa = PBXGroup;
			children = (
				090FE9F02B05A961004C26A1 /* ResultView.swift */,
				09FD20512B0A5950009FD43C /* NoResult.swift */,
				09FD20532B0A595A009FD43C /* ResultList.swift */,
			);
			path = Result;
			sourceTree = "<group>";
		};
		09FD204E2B0A57CE009FD43C /* Customs */ = {
			isa = PBXGroup;
			children = (
				09FD20562B0ADC3F009FD43C /* Custom.swift */,
				090FE8A62AFCF2EB004C26A1 /* LookLike++Bundle.swift */,
				09FD204F2B0A57F1009FD43C /* UIImage+.swift */,
				090FE8A42AFCF209004C26A1 /* FaceInfo.plist */,
			);
			path = Customs;
			sourceTree = "<group>";
		};
		09FD20552B0A5962009FD43C /* Loading */ = {
			isa = PBXGroup;
			children = (
				090FE9F32B05B15A004C26A1 /* LoadingView.swift */,
				090FEA1B2B06090F004C26A1 /* LoadingDots.swift */,
				090FEA172B05D336004C26A1 /* LoadingWheel.swift */,
			);
			path = Loading;
			sourceTree = "<group>";
		};
/* End PBXGroup section */

/* Begin PBXNativeTarget section */
		090FE85E2AFBC77A004C26A1 /* MentoringAPI */ = {
			isa = PBXNativeTarget;
			buildConfigurationList = 090FE86D2AFBC77C004C26A1 /* Build configuration list for PBXNativeTarget "MentoringAPI" */;
			buildPhases = (
				090FE85B2AFBC77A004C26A1 /* Sources */,
				090FE85C2AFBC77A004C26A1 /* Frameworks */,
				090FE85D2AFBC77A004C26A1 /* Resources */,
			);
			buildRules = (
			);
			dependencies = (
			);
			name = MentoringAPI;
			productName = MentoringAPI;
			productReference = 090FE85F2AFBC77A004C26A1 /* MentoringAPI.app */;
			productType = "com.apple.product-type.application";
		};
/* End PBXNativeTarget section */

/* Begin PBXProject section */
		090FE8572AFBC77A004C26A1 /* Project object */ = {
			isa = PBXProject;
			attributes = {
				BuildIndependentTargetsInParallel = 1;
				LastSwiftUpdateCheck = 1500;
				LastUpgradeCheck = 1500;
				TargetAttributes = {
					090FE85E2AFBC77A004C26A1 = {
						CreatedOnToolsVersion = 15.0;
					};
				};
			};
			buildConfigurationList = 090FE85A2AFBC77A004C26A1 /* Build configuration list for PBXProject "MentoringAPI" */;
			compatibilityVersion = "Xcode 14.0";
			developmentRegion = en;
			hasScannedForEncodings = 0;
			knownRegions = (
				en,
				Base,
			);
			mainGroup = 090FE8562AFBC77A004C26A1;
			productRefGroup = 090FE8602AFBC77A004C26A1 /* Products */;
			projectDirPath = "";
			projectRoot = "";
			targets = (
				090FE85E2AFBC77A004C26A1 /* MentoringAPI */,
			);
		};
/* End PBXProject section */

/* Begin PBXResourcesBuildPhase section */
		090FE85D2AFBC77A004C26A1 /* Resources */ = {
			isa = PBXResourcesBuildPhase;
			buildActionMask = 2147483647;
			files = (
				090FE86A2AFBC77C004C26A1 /* Preview Assets.xcassets in Resources */,
				090FE8672AFBC77C004C26A1 /* Assets.xcassets in Resources */,
				090FE8A52AFCF209004C26A1 /* FaceInfo.plist in Resources */,
			);
			runOnlyForDeploymentPostprocessing = 0;
		};
/* End PBXResourcesBuildPhase section */

/* Begin PBXSourcesBuildPhase section */
		090FE85B2AFBC77A004C26A1 /* Sources */ = {
			isa = PBXSourcesBuildPhase;
			buildActionMask = 2147483647;
			files = (
				090FEA1C2B06090F004C26A1 /* LoadingDots.swift in Sources */,
				090FE9CD2B05210D004C26A1 /* CameraSnap.swift in Sources */,
				09FD20542B0A595A009FD43C /* ResultList.swift in Sources */,
				090FE8652AFBC77A004C26A1 /* StartingView.swift in Sources */,
				090FE9F12B05A961004C26A1 /* ResultView.swift in Sources */,
				0974AEFE2B0A45130094EE7B /* Errors.swift in Sources */,
				09FD20502B0A57F1009FD43C /* UIImage+.swift in Sources */,
				090FE8732AFBD16B004C26A1 /* LauchedView.swift in Sources */,
				09FD20522B0A5950009FD43C /* NoResult.swift in Sources */,
				090FE9CB2B050963004C26A1 /* PhotoPicker.swift in Sources */,
				090FE9F42B05B15A004C26A1 /* LoadingView.swift in Sources */,
				090FE8632AFBC77A004C26A1 /* MentoringAPIApp.swift in Sources */,
				090FE8A72AFCF2EB004C26A1 /* LookLike++Bundle.swift in Sources */,
				090FEA182B05D336004C26A1 /* LoadingWheel.swift in Sources */,
				09FD20572B0ADC3F009FD43C /* Custom.swift in Sources */,
				090FEA202B067E83004C26A1 /* Router.swift in Sources */,
				090FE8A32AFCECBF004C26A1 /* NetworkManager.swift in Sources */,
				090FE8762AFBD4F5004C26A1 /* CelebrityResponse.swift in Sources */,
				090FE8782AFBDA8D004C26A1 /* TestViewController.swift in Sources */,
				090FE8712AFBCB04004C26A1 /* SelectView.swift in Sources */,
			);
			runOnlyForDeploymentPostprocessing = 0;
		};
/* End PBXSourcesBuildPhase section */

/* Begin XCBuildConfiguration section */
		090FE86B2AFBC77C004C26A1 /* Debug */ = {
			isa = XCBuildConfiguration;
			buildSettings = {
				ALWAYS_SEARCH_USER_PATHS = NO;
				ASSETCATALOG_COMPILER_GENERATE_SWIFT_ASSET_SYMBOL_EXTENSIONS = YES;
				CLANG_ANALYZER_NONNULL = YES;
				CLANG_ANALYZER_NUMBER_OBJECT_CONVERSION = YES_AGGRESSIVE;
				CLANG_CXX_LANGUAGE_STANDARD = "gnu++20";
				CLANG_ENABLE_MODULES = YES;
				CLANG_ENABLE_OBJC_ARC = YES;
				CLANG_ENABLE_OBJC_WEAK = YES;
				CLANG_WARN_BLOCK_CAPTURE_AUTORELEASING = YES;
				CLANG_WARN_BOOL_CONVERSION = YES;
				CLANG_WARN_COMMA = YES;
				CLANG_WARN_CONSTANT_CONVERSION = YES;
				CLANG_WARN_DEPRECATED_OBJC_IMPLEMENTATIONS = YES;
				CLANG_WARN_DIRECT_OBJC_ISA_USAGE = YES_ERROR;
				CLANG_WARN_DOCUMENTATION_COMMENTS = YES;
				CLANG_WARN_EMPTY_BODY = YES;
				CLANG_WARN_ENUM_CONVERSION = YES;
				CLANG_WARN_INFINITE_RECURSION = YES;
				CLANG_WARN_INT_CONVERSION = YES;
				CLANG_WARN_NON_LITERAL_NULL_CONVERSION = YES;
				CLANG_WARN_OBJC_IMPLICIT_RETAIN_SELF = YES;
				CLANG_WARN_OBJC_LITERAL_CONVERSION = YES;
				CLANG_WARN_OBJC_ROOT_CLASS = YES_ERROR;
				CLANG_WARN_QUOTED_INCLUDE_IN_FRAMEWORK_HEADER = YES;
				CLANG_WARN_RANGE_LOOP_ANALYSIS = YES;
				CLANG_WARN_STRICT_PROTOTYPES = YES;
				CLANG_WARN_SUSPICIOUS_MOVE = YES;
				CLANG_WARN_UNGUARDED_AVAILABILITY = YES_AGGRESSIVE;
				CLANG_WARN_UNREACHABLE_CODE = YES;
				CLANG_WARN__DUPLICATE_METHOD_MATCH = YES;
				COPY_PHASE_STRIP = NO;
				DEBUG_INFORMATION_FORMAT = dwarf;
				ENABLE_STRICT_OBJC_MSGSEND = YES;
				ENABLE_TESTABILITY = YES;
				ENABLE_USER_SCRIPT_SANDBOXING = YES;
				GCC_C_LANGUAGE_STANDARD = gnu17;
				GCC_DYNAMIC_NO_PIC = NO;
				GCC_NO_COMMON_BLOCKS = YES;
				GCC_OPTIMIZATION_LEVEL = 0;
				GCC_PREPROCESSOR_DEFINITIONS = (
					"DEBUG=1",
					"$(inherited)",
				);
				GCC_WARN_64_TO_32_BIT_CONVERSION = YES;
				GCC_WARN_ABOUT_RETURN_TYPE = YES_ERROR;
				GCC_WARN_UNDECLARED_SELECTOR = YES;
				GCC_WARN_UNINITIALIZED_AUTOS = YES_AGGRESSIVE;
				GCC_WARN_UNUSED_FUNCTION = YES;
				GCC_WARN_UNUSED_VARIABLE = YES;
				IPHONEOS_DEPLOYMENT_TARGET = 16.0;
				LOCALIZATION_PREFERS_STRING_CATALOGS = YES;
				MTL_ENABLE_DEBUG_INFO = INCLUDE_SOURCE;
				MTL_FAST_MATH = YES;
				ONLY_ACTIVE_ARCH = YES;
				SDKROOT = iphoneos;
				SWIFT_ACTIVE_COMPILATION_CONDITIONS = "DEBUG $(inherited)";
				SWIFT_OPTIMIZATION_LEVEL = "-Onone";
			};
			name = Debug;
		};
		090FE86C2AFBC77C004C26A1 /* Release */ = {
			isa = XCBuildConfiguration;
			buildSettings = {
				ALWAYS_SEARCH_USER_PATHS = NO;
				ASSETCATALOG_COMPILER_GENERATE_SWIFT_ASSET_SYMBOL_EXTENSIONS = YES;
				CLANG_ANALYZER_NONNULL = YES;
				CLANG_ANALYZER_NUMBER_OBJECT_CONVERSION = YES_AGGRESSIVE;
				CLANG_CXX_LANGUAGE_STANDARD = "gnu++20";
				CLANG_ENABLE_MODULES = YES;
				CLANG_ENABLE_OBJC_ARC = YES;
				CLANG_ENABLE_OBJC_WEAK = YES;
				CLANG_WARN_BLOCK_CAPTURE_AUTORELEASING = YES;
				CLANG_WARN_BOOL_CONVERSION = YES;
				CLANG_WARN_COMMA = YES;
				CLANG_WARN_CONSTANT_CONVERSION = YES;
				CLANG_WARN_DEPRECATED_OBJC_IMPLEMENTATIONS = YES;
				CLANG_WARN_DIRECT_OBJC_ISA_USAGE = YES_ERROR;
				CLANG_WARN_DOCUMENTATION_COMMENTS = YES;
				CLANG_WARN_EMPTY_BODY = YES;
				CLANG_WARN_ENUM_CONVERSION = YES;
				CLANG_WARN_INFINITE_RECURSION = YES;
				CLANG_WARN_INT_CONVERSION = YES;
				CLANG_WARN_NON_LITERAL_NULL_CONVERSION = YES;
				CLANG_WARN_OBJC_IMPLICIT_RETAIN_SELF = YES;
				CLANG_WARN_OBJC_LITERAL_CONVERSION = YES;
				CLANG_WARN_OBJC_ROOT_CLASS = YES_ERROR;
				CLANG_WARN_QUOTED_INCLUDE_IN_FRAMEWORK_HEADER = YES;
				CLANG_WARN_RANGE_LOOP_ANALYSIS = YES;
				CLANG_WARN_STRICT_PROTOTYPES = YES;
				CLANG_WARN_SUSPICIOUS_MOVE = YES;
				CLANG_WARN_UNGUARDED_AVAILABILITY = YES_AGGRESSIVE;
				CLANG_WARN_UNREACHABLE_CODE = YES;
				CLANG_WARN__DUPLICATE_METHOD_MATCH = YES;
				COPY_PHASE_STRIP = NO;
				DEBUG_INFORMATION_FORMAT = "dwarf-with-dsym";
				ENABLE_NS_ASSERTIONS = NO;
				ENABLE_STRICT_OBJC_MSGSEND = YES;
				ENABLE_USER_SCRIPT_SANDBOXING = YES;
				GCC_C_LANGUAGE_STANDARD = gnu17;
				GCC_NO_COMMON_BLOCKS = YES;
				GCC_WARN_64_TO_32_BIT_CONVERSION = YES;
				GCC_WARN_ABOUT_RETURN_TYPE = YES_ERROR;
				GCC_WARN_UNDECLARED_SELECTOR = YES;
				GCC_WARN_UNINITIALIZED_AUTOS = YES_AGGRESSIVE;
				GCC_WARN_UNUSED_FUNCTION = YES;
				GCC_WARN_UNUSED_VARIABLE = YES;
				IPHONEOS_DEPLOYMENT_TARGET = 16.0;
				LOCALIZATION_PREFERS_STRING_CATALOGS = YES;
				MTL_ENABLE_DEBUG_INFO = NO;
				MTL_FAST_MATH = YES;
				SDKROOT = iphoneos;
				SWIFT_COMPILATION_MODE = wholemodule;
				VALIDATE_PRODUCT = YES;
			};
			name = Release;
		};
		090FE86E2AFBC77C004C26A1 /* Debug */ = {
			isa = XCBuildConfiguration;
			buildSettings = {
				ASSETCATALOG_COMPILER_APPICON_NAME = AppIcon;
				ASSETCATALOG_COMPILER_GLOBAL_ACCENT_COLOR_NAME = AccentColor;
				CODE_SIGN_STYLE = Automatic;
				CURRENT_PROJECT_VERSION = 1;
				DEVELOPMENT_ASSET_PATHS = "\"MentoringAPI/Preview Content\"";
				DEVELOPMENT_TEAM = CT6J74BCFP;
				ENABLE_PREVIEWS = YES;
				GENERATE_INFOPLIST_FILE = YES;
				INFOPLIST_KEY_CFBundleDisplayName = LookLike;
				INFOPLIST_KEY_LSApplicationCategoryType = "public.app-category.entertainment";
				INFOPLIST_KEY_NSCameraUsageDescription = "\"앱에서 카메라를 사용하기 위하여 카메라에 접근권한을 요청합니다.\"";
				INFOPLIST_KEY_NSPhotoLibraryAddUsageDescription = "\"앱에서 사진을 사용하기 위하여 앨범에 접근권한을 요청합니다.\"";
				INFOPLIST_KEY_UIApplicationSceneManifest_Generation = YES;
				INFOPLIST_KEY_UIApplicationSupportsIndirectInputEvents = YES;
				INFOPLIST_KEY_UILaunchScreen_Generation = YES;
				INFOPLIST_KEY_UISupportedInterfaceOrientations_iPad = "UIInterfaceOrientationPortrait UIInterfaceOrientationPortraitUpsideDown UIInterfaceOrientationLandscapeLeft UIInterfaceOrientationLandscapeRight";
				INFOPLIST_KEY_UISupportedInterfaceOrientations_iPhone = "UIInterfaceOrientationPortrait UIInterfaceOrientationLandscapeLeft UIInterfaceOrientationLandscapeRight";
				IPHONEOS_DEPLOYMENT_TARGET = 16.0;
				LD_RUNPATH_SEARCH_PATHS = (
					"$(inherited)",
					"@executable_path/Frameworks",
				);
				MARKETING_VERSION = 1.0;
				PRODUCT_BUNDLE_IDENTIFIER = com.phang.MentoringAPI;
				PRODUCT_NAME = "$(TARGET_NAME)";
				SWIFT_EMIT_LOC_STRINGS = YES;
				SWIFT_VERSION = 5.0;
				TARGETED_DEVICE_FAMILY = "1,2";
			};
			name = Debug;
		};
		090FE86F2AFBC77C004C26A1 /* Release */ = {
			isa = XCBuildConfiguration;
			buildSettings = {
				ASSETCATALOG_COMPILER_APPICON_NAME = AppIcon;
				ASSETCATALOG_COMPILER_GLOBAL_ACCENT_COLOR_NAME = AccentColor;
				CODE_SIGN_STYLE = Automatic;
				CURRENT_PROJECT_VERSION = 1;
				DEVELOPMENT_ASSET_PATHS = "\"MentoringAPI/Preview Content\"";
				DEVELOPMENT_TEAM = CT6J74BCFP;
				ENABLE_PREVIEWS = YES;
				GENERATE_INFOPLIST_FILE = YES;
				INFOPLIST_KEY_CFBundleDisplayName = LookLike;
				INFOPLIST_KEY_LSApplicationCategoryType = "public.app-category.entertainment";
				INFOPLIST_KEY_NSCameraUsageDescription = "\"앱에서 카메라를 사용하기 위하여 카메라에 접근권한을 요청합니다.\"";
				INFOPLIST_KEY_NSPhotoLibraryAddUsageDescription = "\"앱에서 사진을 사용하기 위하여 앨범에 접근권한을 요청합니다.\"";
				INFOPLIST_KEY_UIApplicationSceneManifest_Generation = YES;
				INFOPLIST_KEY_UIApplicationSupportsIndirectInputEvents = YES;
				INFOPLIST_KEY_UILaunchScreen_Generation = YES;
				INFOPLIST_KEY_UISupportedInterfaceOrientations_iPad = "UIInterfaceOrientationPortrait UIInterfaceOrientationPortraitUpsideDown UIInterfaceOrientationLandscapeLeft UIInterfaceOrientationLandscapeRight";
				INFOPLIST_KEY_UISupportedInterfaceOrientations_iPhone = "UIInterfaceOrientationPortrait UIInterfaceOrientationLandscapeLeft UIInterfaceOrientationLandscapeRight";
				IPHONEOS_DEPLOYMENT_TARGET = 16.0;
				LD_RUNPATH_SEARCH_PATHS = (
					"$(inherited)",
					"@executable_path/Frameworks",
				);
				MARKETING_VERSION = 1.0;
				PRODUCT_BUNDLE_IDENTIFIER = com.phang.MentoringAPI;
				PRODUCT_NAME = "$(TARGET_NAME)";
				SWIFT_EMIT_LOC_STRINGS = YES;
				SWIFT_VERSION = 5.0;
				TARGETED_DEVICE_FAMILY = "1,2";
			};
			name = Release;
		};
/* End XCBuildConfiguration section */

/* Begin XCConfigurationList section */
		090FE85A2AFBC77A004C26A1 /* Build configuration list for PBXProject "MentoringAPI" */ = {
			isa = XCConfigurationList;
			buildConfigurations = (
				090FE86B2AFBC77C004C26A1 /* Debug */,
				090FE86C2AFBC77C004C26A1 /* Release */,
			);
			defaultConfigurationIsVisible = 0;
			defaultConfigurationName = Release;
		};
		090FE86D2AFBC77C004C26A1 /* Build configuration list for PBXNativeTarget "MentoringAPI" */ = {
			isa = XCConfigurationList;
			buildConfigurations = (
				090FE86E2AFBC77C004C26A1 /* Debug */,
				090FE86F2AFBC77C004C26A1 /* Release */,
			);
			defaultConfigurationIsVisible = 0;
			defaultConfigurationName = Release;
		};
/* End XCConfigurationList section */
	};
	rootObject = 090FE8572AFBC77A004C26A1 /* Project object */;
}
