// !$*UTF8*$!
{
	archiveVersion = 1;
	classes = {
	};
	objectVersion = 56;
	objects = {

/* Begin PBXBuildFile section */
		56B009542B0F1D98008C0A67 /* SaveViewController.swift in Sources */ = {isa = PBXBuildFile; fileRef = 56B009532B0F1D98008C0A67 /* SaveViewController.swift */; };
		56B009562B0F1DAB008C0A67 /* SeeViewController.swift in Sources */ = {isa = PBXBuildFile; fileRef = 56B009552B0F1DAB008C0A67 /* SeeViewController.swift */; };
		56B0095A2B0F286E008C0A67 /* SeeTableViewCell.swift in Sources */ = {isa = PBXBuildFile; fileRef = 56B009592B0F286E008C0A67 /* SeeTableViewCell.swift */; };
		56B0095C2B0F33CB008C0A67 /* DetailViewController.swift in Sources */ = {isa = PBXBuildFile; fileRef = 56B0095B2B0F33CB008C0A67 /* DetailViewController.swift */; };
		DE7792092B0D91E6006431E6 /* AppDelegate.swift in Sources */ = {isa = PBXBuildFile; fileRef = DE7792082B0D91E6006431E6 /* AppDelegate.swift */; };
		DE77920B2B0D91E6006431E6 /* SceneDelegate.swift in Sources */ = {isa = PBXBuildFile; fileRef = DE77920A2B0D91E6006431E6 /* SceneDelegate.swift */; };
		DE77920D2B0D91E6006431E6 /* ViewController.swift in Sources */ = {isa = PBXBuildFile; fileRef = DE77920C2B0D91E6006431E6 /* ViewController.swift */; };
		DE7792102B0D91E6006431E6 /* Main.storyboard in Resources */ = {isa = PBXBuildFile; fileRef = DE77920E2B0D91E6006431E6 /* Main.storyboard */; };
		DE7792122B0D91E7006431E6 /* Assets.xcassets in Resources */ = {isa = PBXBuildFile; fileRef = DE7792112B0D91E7006431E6 /* Assets.xcassets */; };
		DE7792152B0D91E7006431E6 /* LaunchScreen.storyboard in Resources */ = {isa = PBXBuildFile; fileRef = DE7792132B0D91E7006431E6 /* LaunchScreen.storyboard */; };
		DE77921E2B0D92FA006431E6 /* libsqlite3.tbd in Frameworks */ = {isa = PBXBuildFile; fileRef = DE77921D2B0D92FA006431E6 /* libsqlite3.tbd */; };
		DE77922B2B0D94C2006431E6 /* FMDatabasePool.m in Sources */ = {isa = PBXBuildFile; fileRef = DE7792202B0D94C2006431E6 /* FMDatabasePool.m */; };
		DE77922C2B0D94C2006431E6 /* FMResultSet.m in Sources */ = {isa = PBXBuildFile; fileRef = DE7792222B0D94C2006431E6 /* FMResultSet.m */; };
		DE77922D2B0D94C2006431E6 /* FMDatabaseAdditions.m in Sources */ = {isa = PBXBuildFile; fileRef = DE7792242B0D94C2006431E6 /* FMDatabaseAdditions.m */; };
		DE77922E2B0D94C2006431E6 /* FMDatabaseQueue.m in Sources */ = {isa = PBXBuildFile; fileRef = DE7792252B0D94C2006431E6 /* FMDatabaseQueue.m */; };
		DE77922F2B0D94C2006431E6 /* FMDatabase.m in Sources */ = {isa = PBXBuildFile; fileRef = DE77922A2B0D94C2006431E6 /* FMDatabase.m */; };
/* End PBXBuildFile section */

/* Begin PBXFileReference section */
		56B009532B0F1D98008C0A67 /* SaveViewController.swift */ = {isa = PBXFileReference; lastKnownFileType = sourcecode.swift; path = SaveViewController.swift; sourceTree = "<group>"; };
		56B009552B0F1DAB008C0A67 /* SeeViewController.swift */ = {isa = PBXFileReference; lastKnownFileType = sourcecode.swift; path = SeeViewController.swift; sourceTree = "<group>"; };
		56B009592B0F286E008C0A67 /* SeeTableViewCell.swift */ = {isa = PBXFileReference; lastKnownFileType = sourcecode.swift; path = SeeTableViewCell.swift; sourceTree = "<group>"; };
		56B0095B2B0F33CB008C0A67 /* DetailViewController.swift */ = {isa = PBXFileReference; lastKnownFileType = sourcecode.swift; path = DetailViewController.swift; sourceTree = "<group>"; };
		DE7792052B0D91E6006431E6 /* DatabaseDemo.app */ = {isa = PBXFileReference; explicitFileType = wrapper.application; includeInIndex = 0; path = DatabaseDemo.app; sourceTree = BUILT_PRODUCTS_DIR; };
		DE7792082B0D91E6006431E6 /* AppDelegate.swift */ = {isa = PBXFileReference; lastKnownFileType = sourcecode.swift; path = AppDelegate.swift; sourceTree = "<group>"; };
		DE77920A2B0D91E6006431E6 /* SceneDelegate.swift */ = {isa = PBXFileReference; lastKnownFileType = sourcecode.swift; path = SceneDelegate.swift; sourceTree = "<group>"; };
		DE77920C2B0D91E6006431E6 /* ViewController.swift */ = {isa = PBXFileReference; lastKnownFileType = sourcecode.swift; path = ViewController.swift; sourceTree = "<group>"; };
		DE77920F2B0D91E6006431E6 /* Base */ = {isa = PBXFileReference; lastKnownFileType = file.storyboard; name = Base; path = Base.lproj/Main.storyboard; sourceTree = "<group>"; };
		DE7792112B0D91E7006431E6 /* Assets.xcassets */ = {isa = PBXFileReference; lastKnownFileType = folder.assetcatalog; path = Assets.xcassets; sourceTree = "<group>"; };
		DE7792142B0D91E7006431E6 /* Base */ = {isa = PBXFileReference; lastKnownFileType = file.storyboard; name = Base; path = Base.lproj/LaunchScreen.storyboard; sourceTree = "<group>"; };
		DE7792162B0D91E7006431E6 /* Info.plist */ = {isa = PBXFileReference; lastKnownFileType = text.plist.xml; path = Info.plist; sourceTree = "<group>"; };
		DE77921D2B0D92FA006431E6 /* libsqlite3.tbd */ = {isa = PBXFileReference; lastKnownFileType = "sourcecode.text-based-dylib-definition"; name = libsqlite3.tbd; path = usr/lib/libsqlite3.tbd; sourceTree = SDKROOT; };
		DE77921F2B0D94C1006431E6 /* DatabaseDemo-Bridging-Header.h */ = {isa = PBXFileReference; lastKnownFileType = sourcecode.c.h; path = "DatabaseDemo-Bridging-Header.h"; sourceTree = "<group>"; };
		DE7792202B0D94C2006431E6 /* FMDatabasePool.m */ = {isa = PBXFileReference; fileEncoding = 4; lastKnownFileType = sourcecode.c.objc; path = FMDatabasePool.m; sourceTree = "<group>"; };
		DE7792212B0D94C2006431E6 /* FMResultSet.h */ = {isa = PBXFileReference; fileEncoding = 4; lastKnownFileType = sourcecode.c.h; path = FMResultSet.h; sourceTree = "<group>"; };
		DE7792222B0D94C2006431E6 /* FMResultSet.m */ = {isa = PBXFileReference; fileEncoding = 4; lastKnownFileType = sourcecode.c.objc; path = FMResultSet.m; sourceTree = "<group>"; };
		DE7792232B0D94C2006431E6 /* FMDatabasePool.h */ = {isa = PBXFileReference; fileEncoding = 4; lastKnownFileType = sourcecode.c.h; path = FMDatabasePool.h; sourceTree = "<group>"; };
		DE7792242B0D94C2006431E6 /* FMDatabaseAdditions.m */ = {isa = PBXFileReference; fileEncoding = 4; lastKnownFileType = sourcecode.c.objc; path = FMDatabaseAdditions.m; sourceTree = "<group>"; };
		DE7792252B0D94C2006431E6 /* FMDatabaseQueue.m */ = {isa = PBXFileReference; fileEncoding = 4; lastKnownFileType = sourcecode.c.objc; path = FMDatabaseQueue.m; sourceTree = "<group>"; };
		DE7792262B0D94C2006431E6 /* FMDB.h */ = {isa = PBXFileReference; fileEncoding = 4; lastKnownFileType = sourcecode.c.h; path = FMDB.h; sourceTree = "<group>"; };
		DE7792272B0D94C2006431E6 /* FMDatabaseQueue.h */ = {isa = PBXFileReference; fileEncoding = 4; lastKnownFileType = sourcecode.c.h; path = FMDatabaseQueue.h; sourceTree = "<group>"; };
		DE7792282B0D94C2006431E6 /* FMDatabase.h */ = {isa = PBXFileReference; fileEncoding = 4; lastKnownFileType = sourcecode.c.h; path = FMDatabase.h; sourceTree = "<group>"; };
		DE7792292B0D94C2006431E6 /* FMDatabaseAdditions.h */ = {isa = PBXFileReference; fileEncoding = 4; lastKnownFileType = sourcecode.c.h; path = FMDatabaseAdditions.h; sourceTree = "<group>"; };
		DE77922A2B0D94C2006431E6 /* FMDatabase.m */ = {isa = PBXFileReference; fileEncoding = 4; lastKnownFileType = sourcecode.c.objc; path = FMDatabase.m; sourceTree = "<group>"; };
/* End PBXFileReference section */

/* Begin PBXFrameworksBuildPhase section */
		DE7792022B0D91E6006431E6 /* Frameworks */ = {
			isa = PBXFrameworksBuildPhase;
			buildActionMask = 2147483647;
			files = (
				DE77921E2B0D92FA006431E6 /* libsqlite3.tbd in Frameworks */,
			);
			runOnlyForDeploymentPostprocessing = 0;
		};
/* End PBXFrameworksBuildPhase section */

/* Begin PBXGroup section */
		DE7791FC2B0D91E6006431E6 = {
			isa = PBXGroup;
			children = (
				DE7792072B0D91E6006431E6 /* DatabaseDemo */,
				DE7792062B0D91E6006431E6 /* Products */,
				DE77921C2B0D92FA006431E6 /* Frameworks */,
			);
			sourceTree = "<group>";
		};
		DE7792062B0D91E6006431E6 /* Products */ = {
			isa = PBXGroup;
			children = (
				DE7792052B0D91E6006431E6 /* DatabaseDemo.app */,
			);
			name = Products;
			sourceTree = "<group>";
		};
		DE7792072B0D91E6006431E6 /* DatabaseDemo */ = {
			isa = PBXGroup;
			children = (
				DE7792082B0D91E6006431E6 /* AppDelegate.swift */,
				DE77920A2B0D91E6006431E6 /* SceneDelegate.swift */,
				DE77920C2B0D91E6006431E6 /* ViewController.swift */,
				56B009532B0F1D98008C0A67 /* SaveViewController.swift */,
				56B009552B0F1DAB008C0A67 /* SeeViewController.swift */,
				56B009592B0F286E008C0A67 /* SeeTableViewCell.swift */,
				56B0095B2B0F33CB008C0A67 /* DetailViewController.swift */,
				DE77920E2B0D91E6006431E6 /* Main.storyboard */,
				DE7792112B0D91E7006431E6 /* Assets.xcassets */,
				DE7792132B0D91E7006431E6 /* LaunchScreen.storyboard */,
				DE7792282B0D94C2006431E6 /* FMDatabase.h */,
				DE77922A2B0D94C2006431E6 /* FMDatabase.m */,
				DE7792292B0D94C2006431E6 /* FMDatabaseAdditions.h */,
				DE7792242B0D94C2006431E6 /* FMDatabaseAdditions.m */,
				DE7792232B0D94C2006431E6 /* FMDatabasePool.h */,
				DE7792202B0D94C2006431E6 /* FMDatabasePool.m */,
				DE7792272B0D94C2006431E6 /* FMDatabaseQueue.h */,
				DE7792252B0D94C2006431E6 /* FMDatabaseQueue.m */,
				DE7792262B0D94C2006431E6 /* FMDB.h */,
				DE7792212B0D94C2006431E6 /* FMResultSet.h */,
				DE7792222B0D94C2006431E6 /* FMResultSet.m */,
				DE7792162B0D91E7006431E6 /* Info.plist */,
				DE77921F2B0D94C1006431E6 /* DatabaseDemo-Bridging-Header.h */,
			);
			path = DatabaseDemo;
			sourceTree = "<group>";
		};
		DE77921C2B0D92FA006431E6 /* Frameworks */ = {
			isa = PBXGroup;
			children = (
				DE77921D2B0D92FA006431E6 /* libsqlite3.tbd */,
			);
			name = Frameworks;
			sourceTree = "<group>";
		};
/* End PBXGroup section */

/* Begin PBXNativeTarget section */
		DE7792042B0D91E6006431E6 /* DatabaseDemo */ = {
			isa = PBXNativeTarget;
			buildConfigurationList = DE7792192B0D91E7006431E6 /* Build configuration list for PBXNativeTarget "DatabaseDemo" */;
			buildPhases = (
				DE7792012B0D91E6006431E6 /* Sources */,
				DE7792022B0D91E6006431E6 /* Frameworks */,
				DE7792032B0D91E6006431E6 /* Resources */,
			);
			buildRules = (
			);
			dependencies = (
			);
			name = DatabaseDemo;
			productName = DatabaseDemo;
			productReference = DE7792052B0D91E6006431E6 /* DatabaseDemo.app */;
			productType = "com.apple.product-type.application";
		};
/* End PBXNativeTarget section */

/* Begin PBXProject section */
		DE7791FD2B0D91E6006431E6 /* Project object */ = {
			isa = PBXProject;
			attributes = {
				BuildIndependentTargetsInParallel = 1;
				LastSwiftUpdateCheck = 1500;
				LastUpgradeCheck = 1500;
				TargetAttributes = {
					DE7792042B0D91E6006431E6 = {
						CreatedOnToolsVersion = 15.0.1;
						LastSwiftMigration = 1500;
					};
				};
			};
			buildConfigurationList = DE7792002B0D91E6006431E6 /* Build configuration list for PBXProject "DatabaseDemo" */;
			compatibilityVersion = "Xcode 14.0";
			developmentRegion = en;
			hasScannedForEncodings = 0;
			knownRegions = (
				en,
				Base,
			);
			mainGroup = DE7791FC2B0D91E6006431E6;
			productRefGroup = DE7792062B0D91E6006431E6 /* Products */;
			projectDirPath = "";
			projectRoot = "";
			targets = (
				DE7792042B0D91E6006431E6 /* DatabaseDemo */,
			);
		};
/* End PBXProject section */

/* Begin PBXResourcesBuildPhase section */
		DE7792032B0D91E6006431E6 /* Resources */ = {
			isa = PBXResourcesBuildPhase;
			buildActionMask = 2147483647;
			files = (
				DE7792152B0D91E7006431E6 /* LaunchScreen.storyboard in Resources */,
				DE7792122B0D91E7006431E6 /* Assets.xcassets in Resources */,
				DE7792102B0D91E6006431E6 /* Main.storyboard in Resources */,
			);
			runOnlyForDeploymentPostprocessing = 0;
		};
/* End PBXResourcesBuildPhase section */

/* Begin PBXSourcesBuildPhase section */
		DE7792012B0D91E6006431E6 /* Sources */ = {
			isa = PBXSourcesBuildPhase;
			buildActionMask = 2147483647;
			files = (
				DE77920D2B0D91E6006431E6 /* ViewController.swift in Sources */,
				DE77922B2B0D94C2006431E6 /* FMDatabasePool.m in Sources */,
				DE7792092B0D91E6006431E6 /* AppDelegate.swift in Sources */,
				56B0095C2B0F33CB008C0A67 /* DetailViewController.swift in Sources */,
				DE77922E2B0D94C2006431E6 /* FMDatabaseQueue.m in Sources */,
				56B0095A2B0F286E008C0A67 /* SeeTableViewCell.swift in Sources */,
				56B009542B0F1D98008C0A67 /* SaveViewController.swift in Sources */,
				DE77920B2B0D91E6006431E6 /* SceneDelegate.swift in Sources */,
				DE77922C2B0D94C2006431E6 /* FMResultSet.m in Sources */,
				DE77922D2B0D94C2006431E6 /* FMDatabaseAdditions.m in Sources */,
				56B009562B0F1DAB008C0A67 /* SeeViewController.swift in Sources */,
				DE77922F2B0D94C2006431E6 /* FMDatabase.m in Sources */,
			);
			runOnlyForDeploymentPostprocessing = 0;
		};
/* End PBXSourcesBuildPhase section */

/* Begin PBXVariantGroup section */
		DE77920E2B0D91E6006431E6 /* Main.storyboard */ = {
			isa = PBXVariantGroup;
			children = (
				DE77920F2B0D91E6006431E6 /* Base */,
			);
			name = Main.storyboard;
			sourceTree = "<group>";
		};
		DE7792132B0D91E7006431E6 /* LaunchScreen.storyboard */ = {
			isa = PBXVariantGroup;
			children = (
				DE7792142B0D91E7006431E6 /* Base */,
			);
			name = LaunchScreen.storyboard;
			sourceTree = "<group>";
		};
/* End PBXVariantGroup section */

/* Begin XCBuildConfiguration section */
		DE7792172B0D91E7006431E6 /* Debug */ = {
			isa = XCBuildConfiguration;
			buildSettings = {
				ALWAYS_SEARCH_USER_PATHS = NO;
				ASSETCATALOG_COMPILER_GENERATE_SWIFT_ASSET_SYMBOL_EXTENSIONS = YES;
				CLANG_ANALYZER_NONNULL = YES;
				CLANG_ANALYZER_NUMBER_OBJECT_CONVERSION = YES_AGGRESSIVE;
				CLANG_CXX_LANGUAGE_STANDARD = "gnu++20";
				CLANG_ENABLE_MODULES = YES;
				CLANG_ENABLE_OBJC_ARC = YES;
				CLANG_ENABLE_OBJC_WEAK = YES;
				CLANG_WARN_BLOCK_CAPTURE_AUTORELEASING = YES;
				CLANG_WARN_BOOL_CONVERSION = YES;
				CLANG_WARN_COMMA = YES;
				CLANG_WARN_CONSTANT_CONVERSION = YES;
				CLANG_WARN_DEPRECATED_OBJC_IMPLEMENTATIONS = YES;
				CLANG_WARN_DIRECT_OBJC_ISA_USAGE = YES_ERROR;
				CLANG_WARN_DOCUMENTATION_COMMENTS = YES;
				CLANG_WARN_EMPTY_BODY = YES;
				CLANG_WARN_ENUM_CONVERSION = YES;
				CLANG_WARN_INFINITE_RECURSION = YES;
				CLANG_WARN_INT_CONVERSION = YES;
				CLANG_WARN_NON_LITERAL_NULL_CONVERSION = YES;
				CLANG_WARN_OBJC_IMPLICIT_RETAIN_SELF = YES;
				CLANG_WARN_OBJC_LITERAL_CONVERSION = YES;
				CLANG_WARN_OBJC_ROOT_CLASS = YES_ERROR;
				CLANG_WARN_QUOTED_INCLUDE_IN_FRAMEWORK_HEADER = YES;
				CLANG_WARN_RANGE_LOOP_ANALYSIS = YES;
				CLANG_WARN_STRICT_PROTOTYPES = YES;
				CLANG_WARN_SUSPICIOUS_MOVE = YES;
				CLANG_WARN_UNGUARDED_AVAILABILITY = YES_AGGRESSIVE;
				CLANG_WARN_UNREACHABLE_CODE = YES;
				CLANG_WARN__DUPLICATE_METHOD_MATCH = YES;
				COPY_PHASE_STRIP = NO;
				DEBUG_INFORMATION_FORMAT = dwarf;
				ENABLE_STRICT_OBJC_MSGSEND = YES;
				ENABLE_TESTABILITY = YES;
				ENABLE_USER_SCRIPT_SANDBOXING = YES;
				GCC_C_LANGUAGE_STANDARD = gnu17;
				GCC_DYNAMIC_NO_PIC = NO;
				GCC_NO_COMMON_BLOCKS = YES;
				GCC_OPTIMIZATION_LEVEL = 0;
				GCC_PREPROCESSOR_DEFINITIONS = (
					"DEBUG=1",
					"$(inherited)",
				);
				GCC_WARN_64_TO_32_BIT_CONVERSION = YES;
				GCC_WARN_ABOUT_RETURN_TYPE = YES_ERROR;
				GCC_WARN_UNDECLARED_SELECTOR = YES;
				GCC_WARN_UNINITIALIZED_AUTOS = YES_AGGRESSIVE;
				GCC_WARN_UNUSED_FUNCTION = YES;
				GCC_WARN_UNUSED_VARIABLE = YES;
				IPHONEOS_DEPLOYMENT_TARGET = 17.0;
				LOCALIZATION_PREFERS_STRING_CATALOGS = YES;
				MTL_ENABLE_DEBUG_INFO = INCLUDE_SOURCE;
				MTL_FAST_MATH = YES;
				ONLY_ACTIVE_ARCH = YES;
				SDKROOT = iphoneos;
				SWIFT_ACTIVE_COMPILATION_CONDITIONS = "DEBUG $(inherited)";
				SWIFT_OPTIMIZATION_LEVEL = "-Onone";
			};
			name = Debug;
		};
		DE7792182B0D91E7006431E6 /* Release */ = {
			isa = XCBuildConfiguration;
			buildSettings = {
				ALWAYS_SEARCH_USER_PATHS = NO;
				ASSETCATALOG_COMPILER_GENERATE_SWIFT_ASSET_SYMBOL_EXTENSIONS = YES;
				CLANG_ANALYZER_NONNULL = YES;
				CLANG_ANALYZER_NUMBER_OBJECT_CONVERSION = YES_AGGRESSIVE;
				CLANG_CXX_LANGUAGE_STANDARD = "gnu++20";
				CLANG_ENABLE_MODULES = YES;
				CLANG_ENABLE_OBJC_ARC = YES;
				CLANG_ENABLE_OBJC_WEAK = YES;
				CLANG_WARN_BLOCK_CAPTURE_AUTORELEASING = YES;
				CLANG_WARN_BOOL_CONVERSION = YES;
				CLANG_WARN_COMMA = YES;
				CLANG_WARN_CONSTANT_CONVERSION = YES;
				CLANG_WARN_DEPRECATED_OBJC_IMPLEMENTATIONS = YES;
				CLANG_WARN_DIRECT_OBJC_ISA_USAGE = YES_ERROR;
				CLANG_WARN_DOCUMENTATION_COMMENTS = YES;
				CLANG_WARN_EMPTY_BODY = YES;
				CLANG_WARN_ENUM_CONVERSION = YES;
				CLANG_WARN_INFINITE_RECURSION = YES;
				CLANG_WARN_INT_CONVERSION = YES;
				CLANG_WARN_NON_LITERAL_NULL_CONVERSION = YES;
				CLANG_WARN_OBJC_IMPLICIT_RETAIN_SELF = YES;
				CLANG_WARN_OBJC_LITERAL_CONVERSION = YES;
				CLANG_WARN_OBJC_ROOT_CLASS = YES_ERROR;
				CLANG_WARN_QUOTED_INCLUDE_IN_FRAMEWORK_HEADER = YES;
				CLANG_WARN_RANGE_LOOP_ANALYSIS = YES;
				CLANG_WARN_STRICT_PROTOTYPES = YES;
				CLANG_WARN_SUSPICIOUS_MOVE = YES;
				CLANG_WARN_UNGUARDED_AVAILABILITY = YES_AGGRESSIVE;
				CLANG_WARN_UNREACHABLE_CODE = YES;
				CLANG_WARN__DUPLICATE_METHOD_MATCH = YES;
				COPY_PHASE_STRIP = NO;
				DEBUG_INFORMATION_FORMAT = "dwarf-with-dsym";
				ENABLE_NS_ASSERTIONS = NO;
				ENABLE_STRICT_OBJC_MSGSEND = YES;
				ENABLE_USER_SCRIPT_SANDBOXING = YES;
				GCC_C_LANGUAGE_STANDARD = gnu17;
				GCC_NO_COMMON_BLOCKS = YES;
				GCC_WARN_64_TO_32_BIT_CONVERSION = YES;
				GCC_WARN_ABOUT_RETURN_TYPE = YES_ERROR;
				GCC_WARN_UNDECLARED_SELECTOR = YES;
				GCC_WARN_UNINITIALIZED_AUTOS = YES_AGGRESSIVE;
				GCC_WARN_UNUSED_FUNCTION = YES;
				GCC_WARN_UNUSED_VARIABLE = YES;
				IPHONEOS_DEPLOYMENT_TARGET = 17.0;
				LOCALIZATION_PREFERS_STRING_CATALOGS = YES;
				MTL_ENABLE_DEBUG_INFO = NO;
				MTL_FAST_MATH = YES;
				SDKROOT = iphoneos;
				SWIFT_COMPILATION_MODE = wholemodule;
				VALIDATE_PRODUCT = YES;
			};
			name = Release;
		};
		DE77921A2B0D91E7006431E6 /* Debug */ = {
			isa = XCBuildConfiguration;
			buildSettings = {
				ASSETCATALOG_COMPILER_APPICON_NAME = AppIcon;
				ASSETCATALOG_COMPILER_GLOBAL_ACCENT_COLOR_NAME = AccentColor;
				CLANG_ENABLE_MODULES = YES;
				CODE_SIGN_STYLE = Automatic;
				CURRENT_PROJECT_VERSION = 1;
				DEVELOPMENT_TEAM = 8T9KYF6LUJ;
				GENERATE_INFOPLIST_FILE = YES;
				INFOPLIST_FILE = DatabaseDemo/Info.plist;
				INFOPLIST_KEY_UIApplicationSupportsIndirectInputEvents = YES;
				INFOPLIST_KEY_UILaunchStoryboardName = LaunchScreen;
				INFOPLIST_KEY_UIMainStoryboardFile = Main;
				INFOPLIST_KEY_UISupportedInterfaceOrientations_iPad = "UIInterfaceOrientationPortrait UIInterfaceOrientationPortraitUpsideDown UIInterfaceOrientationLandscapeLeft UIInterfaceOrientationLandscapeRight";
				INFOPLIST_KEY_UISupportedInterfaceOrientations_iPhone = "UIInterfaceOrientationPortrait UIInterfaceOrientationLandscapeLeft UIInterfaceOrientationLandscapeRight";
				IPHONEOS_DEPLOYMENT_TARGET = 16.4;
				LD_RUNPATH_SEARCH_PATHS = (
					"$(inherited)",
					"@executable_path/Frameworks",
				);
				MARKETING_VERSION = 1.0;
				PRODUCT_BUNDLE_IDENTIFIER = com.oz.DatabaseDemo;
				PRODUCT_NAME = "$(TARGET_NAME)";
				SWIFT_EMIT_LOC_STRINGS = YES;
				SWIFT_OBJC_BRIDGING_HEADER = "DatabaseDemo/DatabaseDemo-Bridging-Header.h";
				SWIFT_OPTIMIZATION_LEVEL = "-Onone";
				SWIFT_VERSION = 5.0;
				TARGETED_DEVICE_FAMILY = "1,2";
			};
			name = Debug;
		};
		DE77921B2B0D91E7006431E6 /* Release */ = {
			isa = XCBuildConfiguration;
			buildSettings = {
				ASSETCATALOG_COMPILER_APPICON_NAME = AppIcon;
				ASSETCATALOG_COMPILER_GLOBAL_ACCENT_COLOR_NAME = AccentColor;
				CLANG_ENABLE_MODULES = YES;
				CODE_SIGN_STYLE = Automatic;
				CURRENT_PROJECT_VERSION = 1;
				DEVELOPMENT_TEAM = 8T9KYF6LUJ;
				GENERATE_INFOPLIST_FILE = YES;
				INFOPLIST_FILE = DatabaseDemo/Info.plist;
				INFOPLIST_KEY_UIApplicationSupportsIndirectInputEvents = YES;
				INFOPLIST_KEY_UILaunchStoryboardName = LaunchScreen;
				INFOPLIST_KEY_UIMainStoryboardFile = Main;
				INFOPLIST_KEY_UISupportedInterfaceOrientations_iPad = "UIInterfaceOrientationPortrait UIInterfaceOrientationPortraitUpsideDown UIInterfaceOrientationLandscapeLeft UIInterfaceOrientationLandscapeRight";
				INFOPLIST_KEY_UISupportedInterfaceOrientations_iPhone = "UIInterfaceOrientationPortrait UIInterfaceOrientationLandscapeLeft UIInterfaceOrientationLandscapeRight";
				IPHONEOS_DEPLOYMENT_TARGET = 16.4;
				LD_RUNPATH_SEARCH_PATHS = (
					"$(inherited)",
					"@executable_path/Frameworks",
				);
				MARKETING_VERSION = 1.0;
				PRODUCT_BUNDLE_IDENTIFIER = com.oz.DatabaseDemo;
				PRODUCT_NAME = "$(TARGET_NAME)";
				SWIFT_EMIT_LOC_STRINGS = YES;
				SWIFT_OBJC_BRIDGING_HEADER = "DatabaseDemo/DatabaseDemo-Bridging-Header.h";
				SWIFT_VERSION = 5.0;
				TARGETED_DEVICE_FAMILY = "1,2";
			};
			name = Release;
		};
/* End XCBuildConfiguration section */

/* Begin XCConfigurationList section */
		DE7792002B0D91E6006431E6 /* Build configuration list for PBXProject "DatabaseDemo" */ = {
			isa = XCConfigurationList;
			buildConfigurations = (
				DE7792172B0D91E7006431E6 /* Debug */,
				DE7792182B0D91E7006431E6 /* Release */,
			);
			defaultConfigurationIsVisible = 0;
			defaultConfigurationName = Release;
		};
		DE7792192B0D91E7006431E6 /* Build configuration list for PBXNativeTarget "DatabaseDemo" */ = {
			isa = XCConfigurationList;
			buildConfigurations = (
				DE77921A2B0D91E7006431E6 /* Debug */,
				DE77921B2B0D91E7006431E6 /* Release */,
			);
			defaultConfigurationIsVisible = 0;
			defaultConfigurationName = Release;
		};
/* End XCConfigurationList section */
	};
	rootObject = DE7791FD2B0D91E6006431E6 /* Project object */;
}
