// !$*UTF8*$!
{
	archiveVersion = 1;
	classes = {
	};
	objectVersion = 56;
	objects = {

/* Begin PBXBuildFile section */
		099012412AD641A2009CEF53 /* DemoProject2App.swift in Sources */ = {isa = PBXBuildFile; fileRef = 099012402AD641A2009CEF53 /* DemoProject2App.swift */; };
		099012432AD641A2009CEF53 /* ContentView.swift in Sources */ = {isa = PBXBuildFile; fileRef = 099012422AD641A2009CEF53 /* ContentView.swift */; };
		099012452AD641A4009CEF53 /* Assets.xcassets in Resources */ = {isa = PBXBuildFile; fileRef = 099012442AD641A4009CEF53 /* Assets.xcassets */; };
		099012482AD641A4009CEF53 /* Preview Assets.xcassets in Resources */ = {isa = PBXBuildFile; fileRef = 099012472AD641A4009CEF53 /* Preview Assets.xcassets */; };
		0990124F2AD641EB009CEF53 /* BasicView.swift in Sources */ = {isa = PBXBuildFile; fileRef = 0990124E2AD641EB009CEF53 /* BasicView.swift */; };
		099012512AD65CEE009CEF53 /* ExerciseView06.swift in Sources */ = {isa = PBXBuildFile; fileRef = 099012502AD65CEE009CEF53 /* ExerciseView06.swift */; };
		099012532AD65CFC009CEF53 /* ExerciseView07.swift in Sources */ = {isa = PBXBuildFile; fileRef = 099012522AD65CFC009CEF53 /* ExerciseView07.swift */; };
		099012552AD65D1D009CEF53 /* ExercisesDirectoryView.swift in Sources */ = {isa = PBXBuildFile; fileRef = 099012542AD65D1D009CEF53 /* ExercisesDirectoryView.swift */; };
		099012572AD684BB009CEF53 /* ExamplesDirectoryView.swift in Sources */ = {isa = PBXBuildFile; fileRef = 099012562AD684BB009CEF53 /* ExamplesDirectoryView.swift */; };
		099012592AD6863A009CEF53 /* ExampleView01.swift in Sources */ = {isa = PBXBuildFile; fileRef = 099012582AD6863A009CEF53 /* ExampleView01.swift */; };
		0990125B2AD68668009CEF53 /* ExampleView02.swift in Sources */ = {isa = PBXBuildFile; fileRef = 0990125A2AD68668009CEF53 /* ExampleView02.swift */; };
		0990125D2AD68736009CEF53 /* ExerciseView01.swift in Sources */ = {isa = PBXBuildFile; fileRef = 0990125C2AD68736009CEF53 /* ExerciseView01.swift */; };
		0990125F2AD6873D009CEF53 /* ExerciseView02.swift in Sources */ = {isa = PBXBuildFile; fileRef = 0990125E2AD6873D009CEF53 /* ExerciseView02.swift */; };
		099012612AD6874F009CEF53 /* ExerciseView03.swift in Sources */ = {isa = PBXBuildFile; fileRef = 099012602AD6874F009CEF53 /* ExerciseView03.swift */; };
		099012632AD6875B009CEF53 /* ExerciseView04.swift in Sources */ = {isa = PBXBuildFile; fileRef = 099012622AD6875B009CEF53 /* ExerciseView04.swift */; };
		099012652AD68762009CEF53 /* ExerciseView05.swift in Sources */ = {isa = PBXBuildFile; fileRef = 099012642AD68762009CEF53 /* ExerciseView05.swift */; };
		099012692AD689DA009CEF53 /* Customs.swift in Sources */ = {isa = PBXBuildFile; fileRef = 099012682AD689DA009CEF53 /* Customs.swift */; };
/* End PBXBuildFile section */

/* Begin PBXFileReference section */
		0990123D2AD641A2009CEF53 /* DemoProject2.app */ = {isa = PBXFileReference; explicitFileType = wrapper.application; includeInIndex = 0; path = DemoProject2.app; sourceTree = BUILT_PRODUCTS_DIR; };
		099012402AD641A2009CEF53 /* DemoProject2App.swift */ = {isa = PBXFileReference; lastKnownFileType = sourcecode.swift; path = DemoProject2App.swift; sourceTree = "<group>"; };
		099012422AD641A2009CEF53 /* ContentView.swift */ = {isa = PBXFileReference; lastKnownFileType = sourcecode.swift; path = ContentView.swift; sourceTree = "<group>"; };
		099012442AD641A4009CEF53 /* Assets.xcassets */ = {isa = PBXFileReference; lastKnownFileType = folder.assetcatalog; path = Assets.xcassets; sourceTree = "<group>"; };
		099012472AD641A4009CEF53 /* Preview Assets.xcassets */ = {isa = PBXFileReference; lastKnownFileType = folder.assetcatalog; path = "Preview Assets.xcassets"; sourceTree = "<group>"; };
		0990124E2AD641EB009CEF53 /* BasicView.swift */ = {isa = PBXFileReference; lastKnownFileType = sourcecode.swift; path = BasicView.swift; sourceTree = "<group>"; };
		099012502AD65CEE009CEF53 /* ExerciseView06.swift */ = {isa = PBXFileReference; lastKnownFileType = sourcecode.swift; path = ExerciseView06.swift; sourceTree = "<group>"; };
		099012522AD65CFC009CEF53 /* ExerciseView07.swift */ = {isa = PBXFileReference; lastKnownFileType = sourcecode.swift; path = ExerciseView07.swift; sourceTree = "<group>"; };
		099012542AD65D1D009CEF53 /* ExercisesDirectoryView.swift */ = {isa = PBXFileReference; lastKnownFileType = sourcecode.swift; path = ExercisesDirectoryView.swift; sourceTree = "<group>"; };
		099012562AD684BB009CEF53 /* ExamplesDirectoryView.swift */ = {isa = PBXFileReference; lastKnownFileType = sourcecode.swift; path = ExamplesDirectoryView.swift; sourceTree = "<group>"; };
		099012582AD6863A009CEF53 /* ExampleView01.swift */ = {isa = PBXFileReference; lastKnownFileType = sourcecode.swift; path = ExampleView01.swift; sourceTree = "<group>"; };
		0990125A2AD68668009CEF53 /* ExampleView02.swift */ = {isa = PBXFileReference; lastKnownFileType = sourcecode.swift; path = ExampleView02.swift; sourceTree = "<group>"; };
		0990125C2AD68736009CEF53 /* ExerciseView01.swift */ = {isa = PBXFileReference; lastKnownFileType = sourcecode.swift; path = ExerciseView01.swift; sourceTree = "<group>"; };
		0990125E2AD6873D009CEF53 /* ExerciseView02.swift */ = {isa = PBXFileReference; lastKnownFileType = sourcecode.swift; path = ExerciseView02.swift; sourceTree = "<group>"; };
		099012602AD6874F009CEF53 /* ExerciseView03.swift */ = {isa = PBXFileReference; lastKnownFileType = sourcecode.swift; path = ExerciseView03.swift; sourceTree = "<group>"; };
		099012622AD6875B009CEF53 /* ExerciseView04.swift */ = {isa = PBXFileReference; lastKnownFileType = sourcecode.swift; path = ExerciseView04.swift; sourceTree = "<group>"; };
		099012642AD68762009CEF53 /* ExerciseView05.swift */ = {isa = PBXFileReference; lastKnownFileType = sourcecode.swift; path = ExerciseView05.swift; sourceTree = "<group>"; };
		099012682AD689DA009CEF53 /* Customs.swift */ = {isa = PBXFileReference; lastKnownFileType = sourcecode.swift; path = Customs.swift; sourceTree = "<group>"; };
/* End PBXFileReference section */

/* Begin PBXFrameworksBuildPhase section */
		0990123A2AD641A2009CEF53 /* Frameworks */ = {
			isa = PBXFrameworksBuildPhase;
			buildActionMask = 2147483647;
			files = (
			);
			runOnlyForDeploymentPostprocessing = 0;
		};
/* End PBXFrameworksBuildPhase section */

/* Begin PBXGroup section */
		099012342AD641A2009CEF53 = {
			isa = PBXGroup;
			children = (
				0990123F2AD641A2009CEF53 /* DemoProject2 */,
				0990123E2AD641A2009CEF53 /* Products */,
			);
			sourceTree = "<group>";
		};
		0990123E2AD641A2009CEF53 /* Products */ = {
			isa = PBXGroup;
			children = (
				0990123D2AD641A2009CEF53 /* DemoProject2.app */,
			);
			name = Products;
			sourceTree = "<group>";
		};
		0990123F2AD641A2009CEF53 /* DemoProject2 */ = {
			isa = PBXGroup;
			children = (
				099012402AD641A2009CEF53 /* DemoProject2App.swift */,
				099012422AD641A2009CEF53 /* ContentView.swift */,
				099012562AD684BB009CEF53 /* ExamplesDirectoryView.swift */,
				099012542AD65D1D009CEF53 /* ExercisesDirectoryView.swift */,
				099012672AD688B6009CEF53 /* Example */,
				099012662AD6888E009CEF53 /* Exercise */,
				099012682AD689DA009CEF53 /* Customs.swift */,
				099012442AD641A4009CEF53 /* Assets.xcassets */,
				099012462AD641A4009CEF53 /* Preview Content */,
			);
			path = DemoProject2;
			sourceTree = "<group>";
		};
		099012462AD641A4009CEF53 /* Preview Content */ = {
			isa = PBXGroup;
			children = (
				099012472AD641A4009CEF53 /* Preview Assets.xcassets */,
			);
			path = "Preview Content";
			sourceTree = "<group>";
		};
		099012662AD6888E009CEF53 /* Exercise */ = {
			isa = PBXGroup;
			children = (
				0990125C2AD68736009CEF53 /* ExerciseView01.swift */,
				0990125E2AD6873D009CEF53 /* ExerciseView02.swift */,
				099012602AD6874F009CEF53 /* ExerciseView03.swift */,
				099012622AD6875B009CEF53 /* ExerciseView04.swift */,
				099012642AD68762009CEF53 /* ExerciseView05.swift */,
				099012502AD65CEE009CEF53 /* ExerciseView06.swift */,
				099012522AD65CFC009CEF53 /* ExerciseView07.swift */,
			);
			path = Exercise;
			sourceTree = "<group>";
		};
		099012672AD688B6009CEF53 /* Example */ = {
			isa = PBXGroup;
			children = (
				099012582AD6863A009CEF53 /* ExampleView01.swift */,
				0990125A2AD68668009CEF53 /* ExampleView02.swift */,
				0990124E2AD641EB009CEF53 /* BasicView.swift */,
			);
			path = Example;
			sourceTree = "<group>";
		};
/* End PBXGroup section */

/* Begin PBXNativeTarget section */
		0990123C2AD641A2009CEF53 /* DemoProject2 */ = {
			isa = PBXNativeTarget;
			buildConfigurationList = 0990124B2AD641A4009CEF53 /* Build configuration list for PBXNativeTarget "DemoProject2" */;
			buildPhases = (
				099012392AD641A2009CEF53 /* Sources */,
				0990123A2AD641A2009CEF53 /* Frameworks */,
				0990123B2AD641A2009CEF53 /* Resources */,
			);
			buildRules = (
			);
			dependencies = (
			);
			name = DemoProject2;
			productName = DemoProject2;
			productReference = 0990123D2AD641A2009CEF53 /* DemoProject2.app */;
			productType = "com.apple.product-type.application";
		};
/* End PBXNativeTarget section */

/* Begin PBXProject section */
		099012352AD641A2009CEF53 /* Project object */ = {
			isa = PBXProject;
			attributes = {
				BuildIndependentTargetsInParallel = 1;
				LastSwiftUpdateCheck = 1500;
				LastUpgradeCheck = 1500;
				TargetAttributes = {
					0990123C2AD641A2009CEF53 = {
						CreatedOnToolsVersion = 15.0;
					};
				};
			};
			buildConfigurationList = 099012382AD641A2009CEF53 /* Build configuration list for PBXProject "DemoProject2" */;
			compatibilityVersion = "Xcode 14.0";
			developmentRegion = en;
			hasScannedForEncodings = 0;
			knownRegions = (
				en,
				Base,
			);
			mainGroup = 099012342AD641A2009CEF53;
			productRefGroup = 0990123E2AD641A2009CEF53 /* Products */;
			projectDirPath = "";
			projectRoot = "";
			targets = (
				0990123C2AD641A2009CEF53 /* DemoProject2 */,
			);
		};
/* End PBXProject section */

/* Begin PBXResourcesBuildPhase section */
		0990123B2AD641A2009CEF53 /* Resources */ = {
			isa = PBXResourcesBuildPhase;
			buildActionMask = 2147483647;
			files = (
				099012482AD641A4009CEF53 /* Preview Assets.xcassets in Resources */,
				099012452AD641A4009CEF53 /* Assets.xcassets in Resources */,
			);
			runOnlyForDeploymentPostprocessing = 0;
		};
/* End PBXResourcesBuildPhase section */

/* Begin PBXSourcesBuildPhase section */
		099012392AD641A2009CEF53 /* Sources */ = {
			isa = PBXSourcesBuildPhase;
			buildActionMask = 2147483647;
			files = (
				0990124F2AD641EB009CEF53 /* BasicView.swift in Sources */,
				099012652AD68762009CEF53 /* ExerciseView05.swift in Sources */,
				0990125D2AD68736009CEF53 /* ExerciseView01.swift in Sources */,
				099012512AD65CEE009CEF53 /* ExerciseView06.swift in Sources */,
				099012532AD65CFC009CEF53 /* ExerciseView07.swift in Sources */,
				099012432AD641A2009CEF53 /* ContentView.swift in Sources */,
				099012632AD6875B009CEF53 /* ExerciseView04.swift in Sources */,
				099012692AD689DA009CEF53 /* Customs.swift in Sources */,
				099012612AD6874F009CEF53 /* ExerciseView03.swift in Sources */,
				099012572AD684BB009CEF53 /* ExamplesDirectoryView.swift in Sources */,
				0990125F2AD6873D009CEF53 /* ExerciseView02.swift in Sources */,
				099012412AD641A2009CEF53 /* DemoProject2App.swift in Sources */,
				099012592AD6863A009CEF53 /* ExampleView01.swift in Sources */,
				0990125B2AD68668009CEF53 /* ExampleView02.swift in Sources */,
				099012552AD65D1D009CEF53 /* ExercisesDirectoryView.swift in Sources */,
			);
			runOnlyForDeploymentPostprocessing = 0;
		};
/* End PBXSourcesBuildPhase section */

/* Begin XCBuildConfiguration section */
		099012492AD641A4009CEF53 /* Debug */ = {
			isa = XCBuildConfiguration;
			buildSettings = {
				ALWAYS_SEARCH_USER_PATHS = NO;
				ASSETCATALOG_COMPILER_GENERATE_SWIFT_ASSET_SYMBOL_EXTENSIONS = YES;
				CLANG_ANALYZER_NONNULL = YES;
				CLANG_ANALYZER_NUMBER_OBJECT_CONVERSION = YES_AGGRESSIVE;
				CLANG_CXX_LANGUAGE_STANDARD = "gnu++20";
				CLANG_ENABLE_MODULES = YES;
				CLANG_ENABLE_OBJC_ARC = YES;
				CLANG_ENABLE_OBJC_WEAK = YES;
				CLANG_WARN_BLOCK_CAPTURE_AUTORELEASING = YES;
				CLANG_WARN_BOOL_CONVERSION = YES;
				CLANG_WARN_COMMA = YES;
				CLANG_WARN_CONSTANT_CONVERSION = YES;
				CLANG_WARN_DEPRECATED_OBJC_IMPLEMENTATIONS = YES;
				CLANG_WARN_DIRECT_OBJC_ISA_USAGE = YES_ERROR;
				CLANG_WARN_DOCUMENTATION_COMMENTS = YES;
				CLANG_WARN_EMPTY_BODY = YES;
				CLANG_WARN_ENUM_CONVERSION = YES;
				CLANG_WARN_INFINITE_RECURSION = YES;
				CLANG_WARN_INT_CONVERSION = YES;
				CLANG_WARN_NON_LITERAL_NULL_CONVERSION = YES;
				CLANG_WARN_OBJC_IMPLICIT_RETAIN_SELF = YES;
				CLANG_WARN_OBJC_LITERAL_CONVERSION = YES;
				CLANG_WARN_OBJC_ROOT_CLASS = YES_ERROR;
				CLANG_WARN_QUOTED_INCLUDE_IN_FRAMEWORK_HEADER = YES;
				CLANG_WARN_RANGE_LOOP_ANALYSIS = YES;
				CLANG_WARN_STRICT_PROTOTYPES = YES;
				CLANG_WARN_SUSPICIOUS_MOVE = YES;
				CLANG_WARN_UNGUARDED_AVAILABILITY = YES_AGGRESSIVE;
				CLANG_WARN_UNREACHABLE_CODE = YES;
				CLANG_WARN__DUPLICATE_METHOD_MATCH = YES;
				COPY_PHASE_STRIP = NO;
				DEBUG_INFORMATION_FORMAT = dwarf;
				ENABLE_STRICT_OBJC_MSGSEND = YES;
				ENABLE_TESTABILITY = YES;
				ENABLE_USER_SCRIPT_SANDBOXING = YES;
				GCC_C_LANGUAGE_STANDARD = gnu17;
				GCC_DYNAMIC_NO_PIC = NO;
				GCC_NO_COMMON_BLOCKS = YES;
				GCC_OPTIMIZATION_LEVEL = 0;
				GCC_PREPROCESSOR_DEFINITIONS = (
					"DEBUG=1",
					"$(inherited)",
				);
				GCC_WARN_64_TO_32_BIT_CONVERSION = YES;
				GCC_WARN_ABOUT_RETURN_TYPE = YES_ERROR;
				GCC_WARN_UNDECLARED_SELECTOR = YES;
				GCC_WARN_UNINITIALIZED_AUTOS = YES_AGGRESSIVE;
				GCC_WARN_UNUSED_FUNCTION = YES;
				GCC_WARN_UNUSED_VARIABLE = YES;
				IPHONEOS_DEPLOYMENT_TARGET = 17.0;
				LOCALIZATION_PREFERS_STRING_CATALOGS = YES;
				MTL_ENABLE_DEBUG_INFO = INCLUDE_SOURCE;
				MTL_FAST_MATH = YES;
				ONLY_ACTIVE_ARCH = YES;
				SDKROOT = iphoneos;
				SWIFT_ACTIVE_COMPILATION_CONDITIONS = "DEBUG $(inherited)";
				SWIFT_OPTIMIZATION_LEVEL = "-Onone";
			};
			name = Debug;
		};
		0990124A2AD641A4009CEF53 /* Release */ = {
			isa = XCBuildConfiguration;
			buildSettings = {
				ALWAYS_SEARCH_USER_PATHS = NO;
				ASSETCATALOG_COMPILER_GENERATE_SWIFT_ASSET_SYMBOL_EXTENSIONS = YES;
				CLANG_ANALYZER_NONNULL = YES;
				CLANG_ANALYZER_NUMBER_OBJECT_CONVERSION = YES_AGGRESSIVE;
				CLANG_CXX_LANGUAGE_STANDARD = "gnu++20";
				CLANG_ENABLE_MODULES = YES;
				CLANG_ENABLE_OBJC_ARC = YES;
				CLANG_ENABLE_OBJC_WEAK = YES;
				CLANG_WARN_BLOCK_CAPTURE_AUTORELEASING = YES;
				CLANG_WARN_BOOL_CONVERSION = YES;
				CLANG_WARN_COMMA = YES;
				CLANG_WARN_CONSTANT_CONVERSION = YES;
				CLANG_WARN_DEPRECATED_OBJC_IMPLEMENTATIONS = YES;
				CLANG_WARN_DIRECT_OBJC_ISA_USAGE = YES_ERROR;
				CLANG_WARN_DOCUMENTATION_COMMENTS = YES;
				CLANG_WARN_EMPTY_BODY = YES;
				CLANG_WARN_ENUM_CONVERSION = YES;
				CLANG_WARN_INFINITE_RECURSION = YES;
				CLANG_WARN_INT_CONVERSION = YES;
				CLANG_WARN_NON_LITERAL_NULL_CONVERSION = YES;
				CLANG_WARN_OBJC_IMPLICIT_RETAIN_SELF = YES;
				CLANG_WARN_OBJC_LITERAL_CONVERSION = YES;
				CLANG_WARN_OBJC_ROOT_CLASS = YES_ERROR;
				CLANG_WARN_QUOTED_INCLUDE_IN_FRAMEWORK_HEADER = YES;
				CLANG_WARN_RANGE_LOOP_ANALYSIS = YES;
				CLANG_WARN_STRICT_PROTOTYPES = YES;
				CLANG_WARN_SUSPICIOUS_MOVE = YES;
				CLANG_WARN_UNGUARDED_AVAILABILITY = YES_AGGRESSIVE;
				CLANG_WARN_UNREACHABLE_CODE = YES;
				CLANG_WARN__DUPLICATE_METHOD_MATCH = YES;
				COPY_PHASE_STRIP = NO;
				DEBUG_INFORMATION_FORMAT = "dwarf-with-dsym";
				ENABLE_NS_ASSERTIONS = NO;
				ENABLE_STRICT_OBJC_MSGSEND = YES;
				ENABLE_USER_SCRIPT_SANDBOXING = YES;
				GCC_C_LANGUAGE_STANDARD = gnu17;
				GCC_NO_COMMON_BLOCKS = YES;
				GCC_WARN_64_TO_32_BIT_CONVERSION = YES;
				GCC_WARN_ABOUT_RETURN_TYPE = YES_ERROR;
				GCC_WARN_UNDECLARED_SELECTOR = YES;
				GCC_WARN_UNINITIALIZED_AUTOS = YES_AGGRESSIVE;
				GCC_WARN_UNUSED_FUNCTION = YES;
				GCC_WARN_UNUSED_VARIABLE = YES;
				IPHONEOS_DEPLOYMENT_TARGET = 17.0;
				LOCALIZATION_PREFERS_STRING_CATALOGS = YES;
				MTL_ENABLE_DEBUG_INFO = NO;
				MTL_FAST_MATH = YES;
				SDKROOT = iphoneos;
				SWIFT_COMPILATION_MODE = wholemodule;
				VALIDATE_PRODUCT = YES;
			};
			name = Release;
		};
		0990124C2AD641A4009CEF53 /* Debug */ = {
			isa = XCBuildConfiguration;
			buildSettings = {
				ASSETCATALOG_COMPILER_APPICON_NAME = AppIcon;
				ASSETCATALOG_COMPILER_GLOBAL_ACCENT_COLOR_NAME = AccentColor;
				CODE_SIGN_STYLE = Automatic;
				CURRENT_PROJECT_VERSION = 1;
				DEVELOPMENT_ASSET_PATHS = "\"DemoProject2/Preview Content\"";
				DEVELOPMENT_TEAM = CT6J74BCFP;
				ENABLE_PREVIEWS = YES;
				GENERATE_INFOPLIST_FILE = YES;
				INFOPLIST_KEY_UIApplicationSceneManifest_Generation = YES;
				INFOPLIST_KEY_UIApplicationSupportsIndirectInputEvents = YES;
				INFOPLIST_KEY_UILaunchScreen_Generation = YES;
				INFOPLIST_KEY_UISupportedInterfaceOrientations_iPad = "UIInterfaceOrientationPortrait UIInterfaceOrientationPortraitUpsideDown UIInterfaceOrientationLandscapeLeft UIInterfaceOrientationLandscapeRight";
				INFOPLIST_KEY_UISupportedInterfaceOrientations_iPhone = "UIInterfaceOrientationPortrait UIInterfaceOrientationLandscapeLeft UIInterfaceOrientationLandscapeRight";
				IPHONEOS_DEPLOYMENT_TARGET = 16.4;
				LD_RUNPATH_SEARCH_PATHS = (
					"$(inherited)",
					"@executable_path/Frameworks",
				);
				MARKETING_VERSION = 1.0;
				PRODUCT_BUNDLE_IDENTIFIER = com.phang.DemoProject2;
				PRODUCT_NAME = "$(TARGET_NAME)";
				SWIFT_EMIT_LOC_STRINGS = YES;
				SWIFT_VERSION = 5.0;
				TARGETED_DEVICE_FAMILY = "1,2";
			};
			name = Debug;
		};
		0990124D2AD641A4009CEF53 /* Release */ = {
			isa = XCBuildConfiguration;
			buildSettings = {
				ASSETCATALOG_COMPILER_APPICON_NAME = AppIcon;
				ASSETCATALOG_COMPILER_GLOBAL_ACCENT_COLOR_NAME = AccentColor;
				CODE_SIGN_STYLE = Automatic;
				CURRENT_PROJECT_VERSION = 1;
				DEVELOPMENT_ASSET_PATHS = "\"DemoProject2/Preview Content\"";
				DEVELOPMENT_TEAM = CT6J74BCFP;
				ENABLE_PREVIEWS = YES;
				GENERATE_INFOPLIST_FILE = YES;
				INFOPLIST_KEY_UIApplicationSceneManifest_Generation = YES;
				INFOPLIST_KEY_UIApplicationSupportsIndirectInputEvents = YES;
				INFOPLIST_KEY_UILaunchScreen_Generation = YES;
				INFOPLIST_KEY_UISupportedInterfaceOrientations_iPad = "UIInterfaceOrientationPortrait UIInterfaceOrientationPortraitUpsideDown UIInterfaceOrientationLandscapeLeft UIInterfaceOrientationLandscapeRight";
				INFOPLIST_KEY_UISupportedInterfaceOrientations_iPhone = "UIInterfaceOrientationPortrait UIInterfaceOrientationLandscapeLeft UIInterfaceOrientationLandscapeRight";
				IPHONEOS_DEPLOYMENT_TARGET = 16.4;
				LD_RUNPATH_SEARCH_PATHS = (
					"$(inherited)",
					"@executable_path/Frameworks",
				);
				MARKETING_VERSION = 1.0;
				PRODUCT_BUNDLE_IDENTIFIER = com.phang.DemoProject2;
				PRODUCT_NAME = "$(TARGET_NAME)";
				SWIFT_EMIT_LOC_STRINGS = YES;
				SWIFT_VERSION = 5.0;
				TARGETED_DEVICE_FAMILY = "1,2";
			};
			name = Release;
		};
/* End XCBuildConfiguration section */

/* Begin XCConfigurationList section */
		099012382AD641A2009CEF53 /* Build configuration list for PBXProject "DemoProject2" */ = {
			isa = XCConfigurationList;
			buildConfigurations = (
				099012492AD641A4009CEF53 /* Debug */,
				0990124A2AD641A4009CEF53 /* Release */,
			);
			defaultConfigurationIsVisible = 0;
			defaultConfigurationName = Release;
		};
		0990124B2AD641A4009CEF53 /* Build configuration list for PBXNativeTarget "DemoProject2" */ = {
			isa = XCConfigurationList;
			buildConfigurations = (
				0990124C2AD641A4009CEF53 /* Debug */,
				0990124D2AD641A4009CEF53 /* Release */,
			);
			defaultConfigurationIsVisible = 0;
			defaultConfigurationName = Release;
		};
/* End XCConfigurationList section */
	};
	rootObject = 099012352AD641A2009CEF53 /* Project object */;
}
