// !$*UTF8*$!
{
	archiveVersion = 1;
	classes = {
	};
	objectVersion = 56;
	objects = {

/* Begin PBXBuildFile section */
		56B0093B2B0EFE30008C0A67 /* AppDelegate.swift in Sources */ = {isa = PBXBuildFile; fileRef = 56B0093A2B0EFE30008C0A67 /* AppDelegate.swift */; };
		56B0093D2B0EFE30008C0A67 /* SceneDelegate.swift in Sources */ = {isa = PBXBuildFile; fileRef = 56B0093C2B0EFE30008C0A67 /* SceneDelegate.swift */; };
		56B0093F2B0EFE30008C0A67 /* ViewController.swift in Sources */ = {isa = PBXBuildFile; fileRef = 56B0093E2B0EFE30008C0A67 /* ViewController.swift */; };
		56B009422B0EFE30008C0A67 /* Main.storyboard in Resources */ = {isa = PBXBuildFile; fileRef = 56B009402B0EFE30008C0A67 /* Main.storyboard */; };
		56B009452B0EFE30008C0A67 /* UIKitTotalDemo.xcdatamodeld in Sources */ = {isa = PBXBuildFile; fileRef = 56B009432B0EFE30008C0A67 /* UIKitTotalDemo.xcdatamodeld */; };
		56B009472B0EFE31008C0A67 /* Assets.xcassets in Resources */ = {isa = PBXBuildFile; fileRef = 56B009462B0EFE31008C0A67 /* Assets.xcassets */; };
		56B0094A2B0EFE31008C0A67 /* LaunchScreen.storyboard in Resources */ = {isa = PBXBuildFile; fileRef = 56B009482B0EFE31008C0A67 /* LaunchScreen.storyboard */; };
		56B009522B0F076E008C0A67 /* DetailViewController.swift in Sources */ = {isa = PBXBuildFile; fileRef = 56B009512B0F076E008C0A67 /* DetailViewController.swift */; };
/* End PBXBuildFile section */

/* Begin PBXFileReference section */
		56B009372B0EFE30008C0A67 /* UIKitTotalDemo.app */ = {isa = PBXFileReference; explicitFileType = wrapper.application; includeInIndex = 0; path = UIKitTotalDemo.app; sourceTree = BUILT_PRODUCTS_DIR; };
		56B0093A2B0EFE30008C0A67 /* AppDelegate.swift */ = {isa = PBXFileReference; lastKnownFileType = sourcecode.swift; path = AppDelegate.swift; sourceTree = "<group>"; };
		56B0093C2B0EFE30008C0A67 /* SceneDelegate.swift */ = {isa = PBXFileReference; lastKnownFileType = sourcecode.swift; path = SceneDelegate.swift; sourceTree = "<group>"; };
		56B0093E2B0EFE30008C0A67 /* ViewController.swift */ = {isa = PBXFileReference; lastKnownFileType = sourcecode.swift; path = ViewController.swift; sourceTree = "<group>"; };
		56B009412B0EFE30008C0A67 /* Base */ = {isa = PBXFileReference; lastKnownFileType = file.storyboard; name = Base; path = Base.lproj/Main.storyboard; sourceTree = "<group>"; };
		56B009442B0EFE30008C0A67 /* UIKitTotalDemo.xcdatamodel */ = {isa = PBXFileReference; lastKnownFileType = wrapper.xcdatamodel; path = UIKitTotalDemo.xcdatamodel; sourceTree = "<group>"; };
		56B009462B0EFE31008C0A67 /* Assets.xcassets */ = {isa = PBXFileReference; lastKnownFileType = folder.assetcatalog; path = Assets.xcassets; sourceTree = "<group>"; };
		56B009492B0EFE31008C0A67 /* Base */ = {isa = PBXFileReference; lastKnownFileType = file.storyboard; name = Base; path = Base.lproj/LaunchScreen.storyboard; sourceTree = "<group>"; };
		56B0094B2B0EFE31008C0A67 /* Info.plist */ = {isa = PBXFileReference; lastKnownFileType = text.plist.xml; path = Info.plist; sourceTree = "<group>"; };
		56B009512B0F076E008C0A67 /* DetailViewController.swift */ = {isa = PBXFileReference; lastKnownFileType = sourcecode.swift; path = DetailViewController.swift; sourceTree = "<group>"; };
/* End PBXFileReference section */

/* Begin PBXFrameworksBuildPhase section */
		56B009342B0EFE30008C0A67 /* Frameworks */ = {
			isa = PBXFrameworksBuildPhase;
			buildActionMask = 2147483647;
			files = (
			);
			runOnlyForDeploymentPostprocessing = 0;
		};
/* End PBXFrameworksBuildPhase section */

/* Begin PBXGroup section */
		56B0092E2B0EFE30008C0A67 = {
			isa = PBXGroup;
			children = (
				56B009392B0EFE30008C0A67 /* UIKitTotalDemo */,
				56B009382B0EFE30008C0A67 /* Products */,
			);
			sourceTree = "<group>";
		};
		56B009382B0EFE30008C0A67 /* Products */ = {
			isa = PBXGroup;
			children = (
				56B009372B0EFE30008C0A67 /* UIKitTotalDemo.app */,
			);
			name = Products;
			sourceTree = "<group>";
		};
		56B009392B0EFE30008C0A67 /* UIKitTotalDemo */ = {
			isa = PBXGroup;
			children = (
				56B0093A2B0EFE30008C0A67 /* AppDelegate.swift */,
				56B0093C2B0EFE30008C0A67 /* SceneDelegate.swift */,
				56B0093E2B0EFE30008C0A67 /* ViewController.swift */,
				56B009512B0F076E008C0A67 /* DetailViewController.swift */,
				56B009402B0EFE30008C0A67 /* Main.storyboard */,
				56B009462B0EFE31008C0A67 /* Assets.xcassets */,
				56B009482B0EFE31008C0A67 /* LaunchScreen.storyboard */,
				56B0094B2B0EFE31008C0A67 /* Info.plist */,
				56B009432B0EFE30008C0A67 /* UIKitTotalDemo.xcdatamodeld */,
			);
			path = UIKitTotalDemo;
			sourceTree = "<group>";
		};
/* End PBXGroup section */

/* Begin PBXNativeTarget section */
		56B009362B0EFE30008C0A67 /* UIKitTotalDemo */ = {
			isa = PBXNativeTarget;
			buildConfigurationList = 56B0094E2B0EFE31008C0A67 /* Build configuration list for PBXNativeTarget "UIKitTotalDemo" */;
			buildPhases = (
				56B009332B0EFE30008C0A67 /* Sources */,
				56B009342B0EFE30008C0A67 /* Frameworks */,
				56B009352B0EFE30008C0A67 /* Resources */,
			);
			buildRules = (
			);
			dependencies = (
			);
			name = UIKitTotalDemo;
			productName = UIKitTotalDemo;
			productReference = 56B009372B0EFE30008C0A67 /* UIKitTotalDemo.app */;
			productType = "com.apple.product-type.application";
		};
/* End PBXNativeTarget section */

/* Begin PBXProject section */
		56B0092F2B0EFE30008C0A67 /* Project object */ = {
			isa = PBXProject;
			attributes = {
				BuildIndependentTargetsInParallel = 1;
				LastSwiftUpdateCheck = 1500;
				LastUpgradeCheck = 1500;
				TargetAttributes = {
					56B009362B0EFE30008C0A67 = {
						CreatedOnToolsVersion = 15.0.1;
					};
				};
			};
			buildConfigurationList = 56B009322B0EFE30008C0A67 /* Build configuration list for PBXProject "UIKitTotalDemo" */;
			compatibilityVersion = "Xcode 14.0";
			developmentRegion = en;
			hasScannedForEncodings = 0;
			knownRegions = (
				en,
				Base,
			);
			mainGroup = 56B0092E2B0EFE30008C0A67;
			productRefGroup = 56B009382B0EFE30008C0A67 /* Products */;
			projectDirPath = "";
			projectRoot = "";
			targets = (
				56B009362B0EFE30008C0A67 /* UIKitTotalDemo */,
			);
		};
/* End PBXProject section */

/* Begin PBXResourcesBuildPhase section */
		56B009352B0EFE30008C0A67 /* Resources */ = {
			isa = PBXResourcesBuildPhase;
			buildActionMask = 2147483647;
			files = (
				56B0094A2B0EFE31008C0A67 /* LaunchScreen.storyboard in Resources */,
				56B009472B0EFE31008C0A67 /* Assets.xcassets in Resources */,
				56B009422B0EFE30008C0A67 /* Main.storyboard in Resources */,
			);
			runOnlyForDeploymentPostprocessing = 0;
		};
/* End PBXResourcesBuildPhase section */

/* Begin PBXSourcesBuildPhase section */
		56B009332B0EFE30008C0A67 /* Sources */ = {
			isa = PBXSourcesBuildPhase;
			buildActionMask = 2147483647;
			files = (
				56B0093F2B0EFE30008C0A67 /* ViewController.swift in Sources */,
				56B0093B2B0EFE30008C0A67 /* AppDelegate.swift in Sources */,
				56B009522B0F076E008C0A67 /* DetailViewController.swift in Sources */,
				56B009452B0EFE30008C0A67 /* UIKitTotalDemo.xcdatamodeld in Sources */,
				56B0093D2B0EFE30008C0A67 /* SceneDelegate.swift in Sources */,
			);
			runOnlyForDeploymentPostprocessing = 0;
		};
/* End PBXSourcesBuildPhase section */

/* Begin PBXVariantGroup section */
		56B009402B0EFE30008C0A67 /* Main.storyboard */ = {
			isa = PBXVariantGroup;
			children = (
				56B009412B0EFE30008C0A67 /* Base */,
			);
			name = Main.storyboard;
			sourceTree = "<group>";
		};
		56B009482B0EFE31008C0A67 /* LaunchScreen.storyboard */ = {
			isa = PBXVariantGroup;
			children = (
				56B009492B0EFE31008C0A67 /* Base */,
			);
			name = LaunchScreen.storyboard;
			sourceTree = "<group>";
		};
/* End PBXVariantGroup section */

/* Begin XCBuildConfiguration section */
		56B0094C2B0EFE31008C0A67 /* Debug */ = {
			isa = XCBuildConfiguration;
			buildSettings = {
				ALWAYS_SEARCH_USER_PATHS = NO;
				ASSETCATALOG_COMPILER_GENERATE_SWIFT_ASSET_SYMBOL_EXTENSIONS = YES;
				CLANG_ANALYZER_NONNULL = YES;
				CLANG_ANALYZER_NUMBER_OBJECT_CONVERSION = YES_AGGRESSIVE;
				CLANG_CXX_LANGUAGE_STANDARD = "gnu++20";
				CLANG_ENABLE_MODULES = YES;
				CLANG_ENABLE_OBJC_ARC = YES;
				CLANG_ENABLE_OBJC_WEAK = YES;
				CLANG_WARN_BLOCK_CAPTURE_AUTORELEASING = YES;
				CLANG_WARN_BOOL_CONVERSION = YES;
				CLANG_WARN_COMMA = YES;
				CLANG_WARN_CONSTANT_CONVERSION = YES;
				CLANG_WARN_DEPRECATED_OBJC_IMPLEMENTATIONS = YES;
				CLANG_WARN_DIRECT_OBJC_ISA_USAGE = YES_ERROR;
				CLANG_WARN_DOCUMENTATION_COMMENTS = YES;
				CLANG_WARN_EMPTY_BODY = YES;
				CLANG_WARN_ENUM_CONVERSION = YES;
				CLANG_WARN_INFINITE_RECURSION = YES;
				CLANG_WARN_INT_CONVERSION = YES;
				CLANG_WARN_NON_LITERAL_NULL_CONVERSION = YES;
				CLANG_WARN_OBJC_IMPLICIT_RETAIN_SELF = YES;
				CLANG_WARN_OBJC_LITERAL_CONVERSION = YES;
				CLANG_WARN_OBJC_ROOT_CLASS = YES_ERROR;
				CLANG_WARN_QUOTED_INCLUDE_IN_FRAMEWORK_HEADER = YES;
				CLANG_WARN_RANGE_LOOP_ANALYSIS = YES;
				CLANG_WARN_STRICT_PROTOTYPES = YES;
				CLANG_WARN_SUSPICIOUS_MOVE = YES;
				CLANG_WARN_UNGUARDED_AVAILABILITY = YES_AGGRESSIVE;
				CLANG_WARN_UNREACHABLE_CODE = YES;
				CLANG_WARN__DUPLICATE_METHOD_MATCH = YES;
				COPY_PHASE_STRIP = NO;
				DEBUG_INFORMATION_FORMAT = dwarf;
				ENABLE_STRICT_OBJC_MSGSEND = YES;
				ENABLE_TESTABILITY = YES;
				ENABLE_USER_SCRIPT_SANDBOXING = YES;
				GCC_C_LANGUAGE_STANDARD = gnu17;
				GCC_DYNAMIC_NO_PIC = NO;
				GCC_NO_COMMON_BLOCKS = YES;
				GCC_OPTIMIZATION_LEVEL = 0;
				GCC_PREPROCESSOR_DEFINITIONS = (
					"DEBUG=1",
					"$(inherited)",
				);
				GCC_WARN_64_TO_32_BIT_CONVERSION = YES;
				GCC_WARN_ABOUT_RETURN_TYPE = YES_ERROR;
				GCC_WARN_UNDECLARED_SELECTOR = YES;
				GCC_WARN_UNINITIALIZED_AUTOS = YES_AGGRESSIVE;
				GCC_WARN_UNUSED_FUNCTION = YES;
				GCC_WARN_UNUSED_VARIABLE = YES;
				IPHONEOS_DEPLOYMENT_TARGET = 17.0;
				LOCALIZATION_PREFERS_STRING_CATALOGS = YES;
				MTL_ENABLE_DEBUG_INFO = INCLUDE_SOURCE;
				MTL_FAST_MATH = YES;
				ONLY_ACTIVE_ARCH = YES;
				SDKROOT = iphoneos;
				SWIFT_ACTIVE_COMPILATION_CONDITIONS = "DEBUG $(inherited)";
				SWIFT_OPTIMIZATION_LEVEL = "-Onone";
			};
			name = Debug;
		};
		56B0094D2B0EFE31008C0A67 /* Release */ = {
			isa = XCBuildConfiguration;
			buildSettings = {
				ALWAYS_SEARCH_USER_PATHS = NO;
				ASSETCATALOG_COMPILER_GENERATE_SWIFT_ASSET_SYMBOL_EXTENSIONS = YES;
				CLANG_ANALYZER_NONNULL = YES;
				CLANG_ANALYZER_NUMBER_OBJECT_CONVERSION = YES_AGGRESSIVE;
				CLANG_CXX_LANGUAGE_STANDARD = "gnu++20";
				CLANG_ENABLE_MODULES = YES;
				CLANG_ENABLE_OBJC_ARC = YES;
				CLANG_ENABLE_OBJC_WEAK = YES;
				CLANG_WARN_BLOCK_CAPTURE_AUTORELEASING = YES;
				CLANG_WARN_BOOL_CONVERSION = YES;
				CLANG_WARN_COMMA = YES;
				CLANG_WARN_CONSTANT_CONVERSION = YES;
				CLANG_WARN_DEPRECATED_OBJC_IMPLEMENTATIONS = YES;
				CLANG_WARN_DIRECT_OBJC_ISA_USAGE = YES_ERROR;
				CLANG_WARN_DOCUMENTATION_COMMENTS = YES;
				CLANG_WARN_EMPTY_BODY = YES;
				CLANG_WARN_ENUM_CONVERSION = YES;
				CLANG_WARN_INFINITE_RECURSION = YES;
				CLANG_WARN_INT_CONVERSION = YES;
				CLANG_WARN_NON_LITERAL_NULL_CONVERSION = YES;
				CLANG_WARN_OBJC_IMPLICIT_RETAIN_SELF = YES;
				CLANG_WARN_OBJC_LITERAL_CONVERSION = YES;
				CLANG_WARN_OBJC_ROOT_CLASS = YES_ERROR;
				CLANG_WARN_QUOTED_INCLUDE_IN_FRAMEWORK_HEADER = YES;
				CLANG_WARN_RANGE_LOOP_ANALYSIS = YES;
				CLANG_WARN_STRICT_PROTOTYPES = YES;
				CLANG_WARN_SUSPICIOUS_MOVE = YES;
				CLANG_WARN_UNGUARDED_AVAILABILITY = YES_AGGRESSIVE;
				CLANG_WARN_UNREACHABLE_CODE = YES;
				CLANG_WARN__DUPLICATE_METHOD_MATCH = YES;
				COPY_PHASE_STRIP = NO;
				DEBUG_INFORMATION_FORMAT = "dwarf-with-dsym";
				ENABLE_NS_ASSERTIONS = NO;
				ENABLE_STRICT_OBJC_MSGSEND = YES;
				ENABLE_USER_SCRIPT_SANDBOXING = YES;
				GCC_C_LANGUAGE_STANDARD = gnu17;
				GCC_NO_COMMON_BLOCKS = YES;
				GCC_WARN_64_TO_32_BIT_CONVERSION = YES;
				GCC_WARN_ABOUT_RETURN_TYPE = YES_ERROR;
				GCC_WARN_UNDECLARED_SELECTOR = YES;
				GCC_WARN_UNINITIALIZED_AUTOS = YES_AGGRESSIVE;
				GCC_WARN_UNUSED_FUNCTION = YES;
				GCC_WARN_UNUSED_VARIABLE = YES;
				IPHONEOS_DEPLOYMENT_TARGET = 17.0;
				LOCALIZATION_PREFERS_STRING_CATALOGS = YES;
				MTL_ENABLE_DEBUG_INFO = NO;
				MTL_FAST_MATH = YES;
				SDKROOT = iphoneos;
				SWIFT_COMPILATION_MODE = wholemodule;
				VALIDATE_PRODUCT = YES;
			};
			name = Release;
		};
		56B0094F2B0EFE31008C0A67 /* Debug */ = {
			isa = XCBuildConfiguration;
			buildSettings = {
				ASSETCATALOG_COMPILER_APPICON_NAME = AppIcon;
				ASSETCATALOG_COMPILER_GLOBAL_ACCENT_COLOR_NAME = AccentColor;
				CODE_SIGN_STYLE = Automatic;
				CURRENT_PROJECT_VERSION = 1;
				DEVELOPMENT_TEAM = 8T9KYF6LUJ;
				GENERATE_INFOPLIST_FILE = YES;
				INFOPLIST_FILE = UIKitTotalDemo/Info.plist;
				INFOPLIST_KEY_UIApplicationSupportsIndirectInputEvents = YES;
				INFOPLIST_KEY_UILaunchStoryboardName = LaunchScreen;
				INFOPLIST_KEY_UIMainStoryboardFile = Main;
				INFOPLIST_KEY_UISupportedInterfaceOrientations_iPad = "UIInterfaceOrientationPortrait UIInterfaceOrientationPortraitUpsideDown UIInterfaceOrientationLandscapeLeft UIInterfaceOrientationLandscapeRight";
				INFOPLIST_KEY_UISupportedInterfaceOrientations_iPhone = "UIInterfaceOrientationPortrait UIInterfaceOrientationLandscapeLeft UIInterfaceOrientationLandscapeRight";
				IPHONEOS_DEPLOYMENT_TARGET = 16.4;
				LD_RUNPATH_SEARCH_PATHS = (
					"$(inherited)",
					"@executable_path/Frameworks",
				);
				MARKETING_VERSION = 1.0;
				PRODUCT_BUNDLE_IDENTIFIER = com.ios3.UIKitTotalDemo;
				PRODUCT_NAME = "$(TARGET_NAME)";
				SWIFT_EMIT_LOC_STRINGS = YES;
				SWIFT_VERSION = 5.0;
				TARGETED_DEVICE_FAMILY = "1,2";
			};
			name = Debug;
		};
		56B009502B0EFE31008C0A67 /* Release */ = {
			isa = XCBuildConfiguration;
			buildSettings = {
				ASSETCATALOG_COMPILER_APPICON_NAME = AppIcon;
				ASSETCATALOG_COMPILER_GLOBAL_ACCENT_COLOR_NAME = AccentColor;
				CODE_SIGN_STYLE = Automatic;
				CURRENT_PROJECT_VERSION = 1;
				DEVELOPMENT_TEAM = 8T9KYF6LUJ;
				GENERATE_INFOPLIST_FILE = YES;
				INFOPLIST_FILE = UIKitTotalDemo/Info.plist;
				INFOPLIST_KEY_UIApplicationSupportsIndirectInputEvents = YES;
				INFOPLIST_KEY_UILaunchStoryboardName = LaunchScreen;
				INFOPLIST_KEY_UIMainStoryboardFile = Main;
				INFOPLIST_KEY_UISupportedInterfaceOrientations_iPad = "UIInterfaceOrientationPortrait UIInterfaceOrientationPortraitUpsideDown UIInterfaceOrientationLandscapeLeft UIInterfaceOrientationLandscapeRight";
				INFOPLIST_KEY_UISupportedInterfaceOrientations_iPhone = "UIInterfaceOrientationPortrait UIInterfaceOrientationLandscapeLeft UIInterfaceOrientationLandscapeRight";
				IPHONEOS_DEPLOYMENT_TARGET = 16.4;
				LD_RUNPATH_SEARCH_PATHS = (
					"$(inherited)",
					"@executable_path/Frameworks",
				);
				MARKETING_VERSION = 1.0;
				PRODUCT_BUNDLE_IDENTIFIER = com.ios3.UIKitTotalDemo;
				PRODUCT_NAME = "$(TARGET_NAME)";
				SWIFT_EMIT_LOC_STRINGS = YES;
				SWIFT_VERSION = 5.0;
				TARGETED_DEVICE_FAMILY = "1,2";
			};
			name = Release;
		};
/* End XCBuildConfiguration section */

/* Begin XCConfigurationList section */
		56B009322B0EFE30008C0A67 /* Build configuration list for PBXProject "UIKitTotalDemo" */ = {
			isa = XCConfigurationList;
			buildConfigurations = (
				56B0094C2B0EFE31008C0A67 /* Debug */,
				56B0094D2B0EFE31008C0A67 /* Release */,
			);
			defaultConfigurationIsVisible = 0;
			defaultConfigurationName = Release;
		};
		56B0094E2B0EFE31008C0A67 /* Build configuration list for PBXNativeTarget "UIKitTotalDemo" */ = {
			isa = XCConfigurationList;
			buildConfigurations = (
				56B0094F2B0EFE31008C0A67 /* Debug */,
				56B009502B0EFE31008C0A67 /* Release */,
			);
			defaultConfigurationIsVisible = 0;
			defaultConfigurationName = Release;
		};
/* End XCConfigurationList section */

/* Begin XCVersionGroup section */
		56B009432B0EFE30008C0A67 /* UIKitTotalDemo.xcdatamodeld */ = {
			isa = XCVersionGroup;
			children = (
				56B009442B0EFE30008C0A67 /* UIKitTotalDemo.xcdatamodel */,
			);
			currentVersion = 56B009442B0EFE30008C0A67 /* UIKitTotalDemo.xcdatamodel */;
			path = UIKitTotalDemo.xcdatamodeld;
			sourceTree = "<group>";
			versionGroupType = wrapper.xcdatamodel;
		};
/* End XCVersionGroup section */
	};
	rootObject = 56B0092F2B0EFE30008C0A67 /* Project object */;
}
