// !$*UTF8*$!
{
	archiveVersion = 1;
	classes = {
	};
	objectVersion = 56;
	objects = {

/* Begin PBXBuildFile section */
		56D932582AFB804100183E54 /* GridDemoApp.swift in Sources */ = {isa = PBXBuildFile; fileRef = 56D932572AFB804100183E54 /* GridDemoApp.swift */; };
		56D9325A2AFB804100183E54 /* ContentView.swift in Sources */ = {isa = PBXBuildFile; fileRef = 56D932592AFB804100183E54 /* ContentView.swift */; };
		56D9325C2AFB804200183E54 /* Assets.xcassets in Resources */ = {isa = PBXBuildFile; fileRef = 56D9325B2AFB804200183E54 /* Assets.xcassets */; };
		56D9325F2AFB804200183E54 /* Preview Assets.xcassets in Resources */ = {isa = PBXBuildFile; fileRef = 56D9325E2AFB804200183E54 /* Preview Assets.xcassets */; };
		56D932672AFB81D800183E54 /* Grid_Ex01.swift in Sources */ = {isa = PBXBuildFile; fileRef = 56D932662AFB81D800183E54 /* Grid_Ex01.swift */; };
		56D932692AFB854800183E54 /* Grid_Ex02.swift in Sources */ = {isa = PBXBuildFile; fileRef = 56D932682AFB854800183E54 /* Grid_Ex02.swift */; };
		56D9326B2AFC6DC400183E54 /* GridRowDemoView.swift in Sources */ = {isa = PBXBuildFile; fileRef = 56D9326A2AFC6DC400183E54 /* GridRowDemoView.swift */; };
		56D932892AFC9FB400183E54 /* TempUIView.swift in Sources */ = {isa = PBXBuildFile; fileRef = 56D932882AFC9FB400183E54 /* TempUIView.swift */; };
/* End PBXBuildFile section */

/* Begin PBXFileReference section */
		56D932542AFB804100183E54 /* GridDemo.app */ = {isa = PBXFileReference; explicitFileType = wrapper.application; includeInIndex = 0; path = GridDemo.app; sourceTree = BUILT_PRODUCTS_DIR; };
		56D932572AFB804100183E54 /* GridDemoApp.swift */ = {isa = PBXFileReference; lastKnownFileType = sourcecode.swift; path = GridDemoApp.swift; sourceTree = "<group>"; };
		56D932592AFB804100183E54 /* ContentView.swift */ = {isa = PBXFileReference; lastKnownFileType = sourcecode.swift; path = ContentView.swift; sourceTree = "<group>"; };
		56D9325B2AFB804200183E54 /* Assets.xcassets */ = {isa = PBXFileReference; lastKnownFileType = folder.assetcatalog; path = Assets.xcassets; sourceTree = "<group>"; };
		56D9325E2AFB804200183E54 /* Preview Assets.xcassets */ = {isa = PBXFileReference; lastKnownFileType = folder.assetcatalog; path = "Preview Assets.xcassets"; sourceTree = "<group>"; };
		56D932662AFB81D800183E54 /* Grid_Ex01.swift */ = {isa = PBXFileReference; lastKnownFileType = sourcecode.swift; path = Grid_Ex01.swift; sourceTree = "<group>"; };
		56D932682AFB854800183E54 /* Grid_Ex02.swift */ = {isa = PBXFileReference; lastKnownFileType = sourcecode.swift; path = Grid_Ex02.swift; sourceTree = "<group>"; };
		56D9326A2AFC6DC400183E54 /* GridRowDemoView.swift */ = {isa = PBXFileReference; lastKnownFileType = sourcecode.swift; path = GridRowDemoView.swift; sourceTree = "<group>"; };
		56D932882AFC9FB400183E54 /* TempUIView.swift */ = {isa = PBXFileReference; lastKnownFileType = sourcecode.swift; path = TempUIView.swift; sourceTree = "<group>"; };
/* End PBXFileReference section */

/* Begin PBXFrameworksBuildPhase section */
		56D932512AFB804100183E54 /* Frameworks */ = {
			isa = PBXFrameworksBuildPhase;
			buildActionMask = 2147483647;
			files = (
			);
			runOnlyForDeploymentPostprocessing = 0;
		};
/* End PBXFrameworksBuildPhase section */

/* Begin PBXGroup section */
		56D9324B2AFB804100183E54 = {
			isa = PBXGroup;
			children = (
				56D932562AFB804100183E54 /* GridDemo */,
				56D932552AFB804100183E54 /* Products */,
			);
			sourceTree = "<group>";
		};
		56D932552AFB804100183E54 /* Products */ = {
			isa = PBXGroup;
			children = (
				56D932542AFB804100183E54 /* GridDemo.app */,
			);
			name = Products;
			sourceTree = "<group>";
		};
		56D932562AFB804100183E54 /* GridDemo */ = {
			isa = PBXGroup;
			children = (
				56D932572AFB804100183E54 /* GridDemoApp.swift */,
				56D9326A2AFC6DC400183E54 /* GridRowDemoView.swift */,
				56D932592AFB804100183E54 /* ContentView.swift */,
				56D932652AFB81C700183E54 /* EX */,
				56D9325B2AFB804200183E54 /* Assets.xcassets */,
				56D9325D2AFB804200183E54 /* Preview Content */,
				56D932882AFC9FB400183E54 /* TempUIView.swift */,
			);
			path = GridDemo;
			sourceTree = "<group>";
		};
		56D9325D2AFB804200183E54 /* Preview Content */ = {
			isa = PBXGroup;
			children = (
				56D9325E2AFB804200183E54 /* Preview Assets.xcassets */,
			);
			path = "Preview Content";
			sourceTree = "<group>";
		};
		56D932652AFB81C700183E54 /* EX */ = {
			isa = PBXGroup;
			children = (
				56D932662AFB81D800183E54 /* Grid_Ex01.swift */,
				56D932682AFB854800183E54 /* Grid_Ex02.swift */,
			);
			path = EX;
			sourceTree = "<group>";
		};
/* End PBXGroup section */

/* Begin PBXNativeTarget section */
		56D932532AFB804100183E54 /* GridDemo */ = {
			isa = PBXNativeTarget;
			buildConfigurationList = 56D932622AFB804200183E54 /* Build configuration list for PBXNativeTarget "GridDemo" */;
			buildPhases = (
				56D932502AFB804100183E54 /* Sources */,
				56D932512AFB804100183E54 /* Frameworks */,
				56D932522AFB804100183E54 /* Resources */,
			);
			buildRules = (
			);
			dependencies = (
			);
			name = GridDemo;
			productName = GridDemo;
			productReference = 56D932542AFB804100183E54 /* GridDemo.app */;
			productType = "com.apple.product-type.application";
		};
/* End PBXNativeTarget section */

/* Begin PBXProject section */
		56D9324C2AFB804100183E54 /* Project object */ = {
			isa = PBXProject;
			attributes = {
				BuildIndependentTargetsInParallel = 1;
				LastSwiftUpdateCheck = 1500;
				LastUpgradeCheck = 1500;
				TargetAttributes = {
					56D932532AFB804100183E54 = {
						CreatedOnToolsVersion = 15.0.1;
					};
				};
			};
			buildConfigurationList = 56D9324F2AFB804100183E54 /* Build configuration list for PBXProject "GridDemo" */;
			compatibilityVersion = "Xcode 14.0";
			developmentRegion = en;
			hasScannedForEncodings = 0;
			knownRegions = (
				en,
				Base,
			);
			mainGroup = 56D9324B2AFB804100183E54;
			productRefGroup = 56D932552AFB804100183E54 /* Products */;
			projectDirPath = "";
			projectRoot = "";
			targets = (
				56D932532AFB804100183E54 /* GridDemo */,
			);
		};
/* End PBXProject section */

/* Begin PBXResourcesBuildPhase section */
		56D932522AFB804100183E54 /* Resources */ = {
			isa = PBXResourcesBuildPhase;
			buildActionMask = 2147483647;
			files = (
				56D9325F2AFB804200183E54 /* Preview Assets.xcassets in Resources */,
				56D9325C2AFB804200183E54 /* Assets.xcassets in Resources */,
			);
			runOnlyForDeploymentPostprocessing = 0;
		};
/* End PBXResourcesBuildPhase section */

/* Begin PBXSourcesBuildPhase section */
		56D932502AFB804100183E54 /* Sources */ = {
			isa = PBXSourcesBuildPhase;
			buildActionMask = 2147483647;
			files = (
				56D932892AFC9FB400183E54 /* TempUIView.swift in Sources */,
				56D9325A2AFB804100183E54 /* ContentView.swift in Sources */,
				56D932582AFB804100183E54 /* GridDemoApp.swift in Sources */,
				56D932692AFB854800183E54 /* Grid_Ex02.swift in Sources */,
				56D932672AFB81D800183E54 /* Grid_Ex01.swift in Sources */,
				56D9326B2AFC6DC400183E54 /* GridRowDemoView.swift in Sources */,
			);
			runOnlyForDeploymentPostprocessing = 0;
		};
/* End PBXSourcesBuildPhase section */

/* Begin XCBuildConfiguration section */
		56D932602AFB804200183E54 /* Debug */ = {
			isa = XCBuildConfiguration;
			buildSettings = {
				ALWAYS_SEARCH_USER_PATHS = NO;
				ASSETCATALOG_COMPILER_GENERATE_SWIFT_ASSET_SYMBOL_EXTENSIONS = YES;
				CLANG_ANALYZER_NONNULL = YES;
				CLANG_ANALYZER_NUMBER_OBJECT_CONVERSION = YES_AGGRESSIVE;
				CLANG_CXX_LANGUAGE_STANDARD = "gnu++20";
				CLANG_ENABLE_MODULES = YES;
				CLANG_ENABLE_OBJC_ARC = YES;
				CLANG_ENABLE_OBJC_WEAK = YES;
				CLANG_WARN_BLOCK_CAPTURE_AUTORELEASING = YES;
				CLANG_WARN_BOOL_CONVERSION = YES;
				CLANG_WARN_COMMA = YES;
				CLANG_WARN_CONSTANT_CONVERSION = YES;
				CLANG_WARN_DEPRECATED_OBJC_IMPLEMENTATIONS = YES;
				CLANG_WARN_DIRECT_OBJC_ISA_USAGE = YES_ERROR;
				CLANG_WARN_DOCUMENTATION_COMMENTS = YES;
				CLANG_WARN_EMPTY_BODY = YES;
				CLANG_WARN_ENUM_CONVERSION = YES;
				CLANG_WARN_INFINITE_RECURSION = YES;
				CLANG_WARN_INT_CONVERSION = YES;
				CLANG_WARN_NON_LITERAL_NULL_CONVERSION = YES;
				CLANG_WARN_OBJC_IMPLICIT_RETAIN_SELF = YES;
				CLANG_WARN_OBJC_LITERAL_CONVERSION = YES;
				CLANG_WARN_OBJC_ROOT_CLASS = YES_ERROR;
				CLANG_WARN_QUOTED_INCLUDE_IN_FRAMEWORK_HEADER = YES;
				CLANG_WARN_RANGE_LOOP_ANALYSIS = YES;
				CLANG_WARN_STRICT_PROTOTYPES = YES;
				CLANG_WARN_SUSPICIOUS_MOVE = YES;
				CLANG_WARN_UNGUARDED_AVAILABILITY = YES_AGGRESSIVE;
				CLANG_WARN_UNREACHABLE_CODE = YES;
				CLANG_WARN__DUPLICATE_METHOD_MATCH = YES;
				COPY_PHASE_STRIP = NO;
				DEBUG_INFORMATION_FORMAT = dwarf;
				ENABLE_STRICT_OBJC_MSGSEND = YES;
				ENABLE_TESTABILITY = YES;
				ENABLE_USER_SCRIPT_SANDBOXING = YES;
				GCC_C_LANGUAGE_STANDARD = gnu17;
				GCC_DYNAMIC_NO_PIC = NO;
				GCC_NO_COMMON_BLOCKS = YES;
				GCC_OPTIMIZATION_LEVEL = 0;
				GCC_PREPROCESSOR_DEFINITIONS = (
					"DEBUG=1",
					"$(inherited)",
				);
				GCC_WARN_64_TO_32_BIT_CONVERSION = YES;
				GCC_WARN_ABOUT_RETURN_TYPE = YES_ERROR;
				GCC_WARN_UNDECLARED_SELECTOR = YES;
				GCC_WARN_UNINITIALIZED_AUTOS = YES_AGGRESSIVE;
				GCC_WARN_UNUSED_FUNCTION = YES;
				GCC_WARN_UNUSED_VARIABLE = YES;
				IPHONEOS_DEPLOYMENT_TARGET = 17.0;
				LOCALIZATION_PREFERS_STRING_CATALOGS = YES;
				MTL_ENABLE_DEBUG_INFO = INCLUDE_SOURCE;
				MTL_FAST_MATH = YES;
				ONLY_ACTIVE_ARCH = YES;
				SDKROOT = iphoneos;
				SWIFT_ACTIVE_COMPILATION_CONDITIONS = "DEBUG $(inherited)";
				SWIFT_OPTIMIZATION_LEVEL = "-Onone";
			};
			name = Debug;
		};
		56D932612AFB804200183E54 /* Release */ = {
			isa = XCBuildConfiguration;
			buildSettings = {
				ALWAYS_SEARCH_USER_PATHS = NO;
				ASSETCATALOG_COMPILER_GENERATE_SWIFT_ASSET_SYMBOL_EXTENSIONS = YES;
				CLANG_ANALYZER_NONNULL = YES;
				CLANG_ANALYZER_NUMBER_OBJECT_CONVERSION = YES_AGGRESSIVE;
				CLANG_CXX_LANGUAGE_STANDARD = "gnu++20";
				CLANG_ENABLE_MODULES = YES;
				CLANG_ENABLE_OBJC_ARC = YES;
				CLANG_ENABLE_OBJC_WEAK = YES;
				CLANG_WARN_BLOCK_CAPTURE_AUTORELEASING = YES;
				CLANG_WARN_BOOL_CONVERSION = YES;
				CLANG_WARN_COMMA = YES;
				CLANG_WARN_CONSTANT_CONVERSION = YES;
				CLANG_WARN_DEPRECATED_OBJC_IMPLEMENTATIONS = YES;
				CLANG_WARN_DIRECT_OBJC_ISA_USAGE = YES_ERROR;
				CLANG_WARN_DOCUMENTATION_COMMENTS = YES;
				CLANG_WARN_EMPTY_BODY = YES;
				CLANG_WARN_ENUM_CONVERSION = YES;
				CLANG_WARN_INFINITE_RECURSION = YES;
				CLANG_WARN_INT_CONVERSION = YES;
				CLANG_WARN_NON_LITERAL_NULL_CONVERSION = YES;
				CLANG_WARN_OBJC_IMPLICIT_RETAIN_SELF = YES;
				CLANG_WARN_OBJC_LITERAL_CONVERSION = YES;
				CLANG_WARN_OBJC_ROOT_CLASS = YES_ERROR;
				CLANG_WARN_QUOTED_INCLUDE_IN_FRAMEWORK_HEADER = YES;
				CLANG_WARN_RANGE_LOOP_ANALYSIS = YES;
				CLANG_WARN_STRICT_PROTOTYPES = YES;
				CLANG_WARN_SUSPICIOUS_MOVE = YES;
				CLANG_WARN_UNGUARDED_AVAILABILITY = YES_AGGRESSIVE;
				CLANG_WARN_UNREACHABLE_CODE = YES;
				CLANG_WARN__DUPLICATE_METHOD_MATCH = YES;
				COPY_PHASE_STRIP = NO;
				DEBUG_INFORMATION_FORMAT = "dwarf-with-dsym";
				ENABLE_NS_ASSERTIONS = NO;
				ENABLE_STRICT_OBJC_MSGSEND = YES;
				ENABLE_USER_SCRIPT_SANDBOXING = YES;
				GCC_C_LANGUAGE_STANDARD = gnu17;
				GCC_NO_COMMON_BLOCKS = YES;
				GCC_WARN_64_TO_32_BIT_CONVERSION = YES;
				GCC_WARN_ABOUT_RETURN_TYPE = YES_ERROR;
				GCC_WARN_UNDECLARED_SELECTOR = YES;
				GCC_WARN_UNINITIALIZED_AUTOS = YES_AGGRESSIVE;
				GCC_WARN_UNUSED_FUNCTION = YES;
				GCC_WARN_UNUSED_VARIABLE = YES;
				IPHONEOS_DEPLOYMENT_TARGET = 17.0;
				LOCALIZATION_PREFERS_STRING_CATALOGS = YES;
				MTL_ENABLE_DEBUG_INFO = NO;
				MTL_FAST_MATH = YES;
				SDKROOT = iphoneos;
				SWIFT_COMPILATION_MODE = wholemodule;
				VALIDATE_PRODUCT = YES;
			};
			name = Release;
		};
		56D932632AFB804200183E54 /* Debug */ = {
			isa = XCBuildConfiguration;
			buildSettings = {
				ASSETCATALOG_COMPILER_APPICON_NAME = AppIcon;
				ASSETCATALOG_COMPILER_GLOBAL_ACCENT_COLOR_NAME = AccentColor;
				CODE_SIGN_STYLE = Automatic;
				CURRENT_PROJECT_VERSION = 1;
				DEVELOPMENT_ASSET_PATHS = "\"GridDemo/Preview Content\"";
				DEVELOPMENT_TEAM = 8T9KYF6LUJ;
				ENABLE_PREVIEWS = YES;
				GENERATE_INFOPLIST_FILE = YES;
				INFOPLIST_KEY_UIApplicationSceneManifest_Generation = YES;
				INFOPLIST_KEY_UIApplicationSupportsIndirectInputEvents = YES;
				INFOPLIST_KEY_UILaunchScreen_Generation = YES;
				INFOPLIST_KEY_UISupportedInterfaceOrientations_iPad = "UIInterfaceOrientationPortrait UIInterfaceOrientationPortraitUpsideDown UIInterfaceOrientationLandscapeLeft UIInterfaceOrientationLandscapeRight";
				INFOPLIST_KEY_UISupportedInterfaceOrientations_iPhone = "UIInterfaceOrientationPortrait UIInterfaceOrientationLandscapeLeft UIInterfaceOrientationLandscapeRight";
				LD_RUNPATH_SEARCH_PATHS = (
					"$(inherited)",
					"@executable_path/Frameworks",
				);
				MARKETING_VERSION = 1.0;
				PRODUCT_BUNDLE_IDENTIFIER = com.ios3.GridDemo;
				PRODUCT_NAME = "$(TARGET_NAME)";
				SWIFT_EMIT_LOC_STRINGS = YES;
				SWIFT_VERSION = 5.0;
				TARGETED_DEVICE_FAMILY = "1,2";
			};
			name = Debug;
		};
		56D932642AFB804200183E54 /* Release */ = {
			isa = XCBuildConfiguration;
			buildSettings = {
				ASSETCATALOG_COMPILER_APPICON_NAME = AppIcon;
				ASSETCATALOG_COMPILER_GLOBAL_ACCENT_COLOR_NAME = AccentColor;
				CODE_SIGN_STYLE = Automatic;
				CURRENT_PROJECT_VERSION = 1;
				DEVELOPMENT_ASSET_PATHS = "\"GridDemo/Preview Content\"";
				DEVELOPMENT_TEAM = 8T9KYF6LUJ;
				ENABLE_PREVIEWS = YES;
				GENERATE_INFOPLIST_FILE = YES;
				INFOPLIST_KEY_UIApplicationSceneManifest_Generation = YES;
				INFOPLIST_KEY_UIApplicationSupportsIndirectInputEvents = YES;
				INFOPLIST_KEY_UILaunchScreen_Generation = YES;
				INFOPLIST_KEY_UISupportedInterfaceOrientations_iPad = "UIInterfaceOrientationPortrait UIInterfaceOrientationPortraitUpsideDown UIInterfaceOrientationLandscapeLeft UIInterfaceOrientationLandscapeRight";
				INFOPLIST_KEY_UISupportedInterfaceOrientations_iPhone = "UIInterfaceOrientationPortrait UIInterfaceOrientationLandscapeLeft UIInterfaceOrientationLandscapeRight";
				LD_RUNPATH_SEARCH_PATHS = (
					"$(inherited)",
					"@executable_path/Frameworks",
				);
				MARKETING_VERSION = 1.0;
				PRODUCT_BUNDLE_IDENTIFIER = com.ios3.GridDemo;
				PRODUCT_NAME = "$(TARGET_NAME)";
				SWIFT_EMIT_LOC_STRINGS = YES;
				SWIFT_VERSION = 5.0;
				TARGETED_DEVICE_FAMILY = "1,2";
			};
			name = Release;
		};
/* End XCBuildConfiguration section */

/* Begin XCConfigurationList section */
		56D9324F2AFB804100183E54 /* Build configuration list for PBXProject "GridDemo" */ = {
			isa = XCConfigurationList;
			buildConfigurations = (
				56D932602AFB804200183E54 /* Debug */,
				56D932612AFB804200183E54 /* Release */,
			);
			defaultConfigurationIsVisible = 0;
			defaultConfigurationName = Release;
		};
		56D932622AFB804200183E54 /* Build configuration list for PBXNativeTarget "GridDemo" */ = {
			isa = XCConfigurationList;
			buildConfigurations = (
				56D932632AFB804200183E54 /* Debug */,
				56D932642AFB804200183E54 /* Release */,
			);
			defaultConfigurationIsVisible = 0;
			defaultConfigurationName = Release;
		};
/* End XCConfigurationList section */
	};
	rootObject = 56D9324C2AFB804100183E54 /* Project object */;
}
