// !$*UTF8*$!
{
	archiveVersion = 1;
	classes = {
	};
	objectVersion = 56;
	objects = {

/* Begin PBXBuildFile section */
		09E7DC802AF3722E004DE546 /* MovieDabangApp.swift in Sources */ = {isa = PBXBuildFile; fileRef = 09E7DC7F2AF3722E004DE546 /* MovieDabangApp.swift */; };
		09E7DC822AF3722E004DE546 /* ContentView.swift in Sources */ = {isa = PBXBuildFile; fileRef = 09E7DC812AF3722E004DE546 /* ContentView.swift */; };
		09E7DC842AF37232004DE546 /* Assets.xcassets in Resources */ = {isa = PBXBuildFile; fileRef = 09E7DC832AF37232004DE546 /* Assets.xcassets */; };
		09E7DC872AF37232004DE546 /* Preview Assets.xcassets in Resources */ = {isa = PBXBuildFile; fileRef = 09E7DC862AF37232004DE546 /* Preview Assets.xcassets */; };
		09E7DC912AF37232004DE546 /* MovieDabangTests.swift in Sources */ = {isa = PBXBuildFile; fileRef = 09E7DC902AF37232004DE546 /* MovieDabangTests.swift */; };
		09E7DC9B2AF37232004DE546 /* MovieDabangUITests.swift in Sources */ = {isa = PBXBuildFile; fileRef = 09E7DC9A2AF37232004DE546 /* MovieDabangUITests.swift */; };
		09E7DC9D2AF37232004DE546 /* MovieDabangUITestsLaunchTests.swift in Sources */ = {isa = PBXBuildFile; fileRef = 09E7DC9C2AF37232004DE546 /* MovieDabangUITestsLaunchTests.swift */; };
		61BABE562AF38C7200ADBD59 /* MovieDetailView.swift in Sources */ = {isa = PBXBuildFile; fileRef = 61BABE552AF38C7200ADBD59 /* MovieDetailView.swift */; };
/* End PBXBuildFile section */

/* Begin PBXContainerItemProxy section */
		09E7DC8D2AF37232004DE546 /* PBXContainerItemProxy */ = {
			isa = PBXContainerItemProxy;
			containerPortal = 09E7DC742AF3722E004DE546 /* Project object */;
			proxyType = 1;
			remoteGlobalIDString = 09E7DC7B2AF3722E004DE546;
			remoteInfo = MovieDabang;
		};
		09E7DC972AF37232004DE546 /* PBXContainerItemProxy */ = {
			isa = PBXContainerItemProxy;
			containerPortal = 09E7DC742AF3722E004DE546 /* Project object */;
			proxyType = 1;
			remoteGlobalIDString = 09E7DC7B2AF3722E004DE546;
			remoteInfo = MovieDabang;
		};
/* End PBXContainerItemProxy section */

/* Begin PBXFileReference section */
		09E7DC7C2AF3722E004DE546 /* MovieDabang.app */ = {isa = PBXFileReference; explicitFileType = wrapper.application; includeInIndex = 0; path = MovieDabang.app; sourceTree = BUILT_PRODUCTS_DIR; };
		09E7DC7F2AF3722E004DE546 /* MovieDabangApp.swift */ = {isa = PBXFileReference; lastKnownFileType = sourcecode.swift; path = MovieDabangApp.swift; sourceTree = "<group>"; };
		09E7DC812AF3722E004DE546 /* ContentView.swift */ = {isa = PBXFileReference; lastKnownFileType = sourcecode.swift; path = ContentView.swift; sourceTree = "<group>"; };
		09E7DC832AF37232004DE546 /* Assets.xcassets */ = {isa = PBXFileReference; lastKnownFileType = folder.assetcatalog; path = Assets.xcassets; sourceTree = "<group>"; };
		09E7DC862AF37232004DE546 /* Preview Assets.xcassets */ = {isa = PBXFileReference; lastKnownFileType = folder.assetcatalog; path = "Preview Assets.xcassets"; sourceTree = "<group>"; };
		09E7DC8C2AF37232004DE546 /* MovieDabangTests.xctest */ = {isa = PBXFileReference; explicitFileType = wrapper.cfbundle; includeInIndex = 0; path = MovieDabangTests.xctest; sourceTree = BUILT_PRODUCTS_DIR; };
		09E7DC902AF37232004DE546 /* MovieDabangTests.swift */ = {isa = PBXFileReference; lastKnownFileType = sourcecode.swift; path = MovieDabangTests.swift; sourceTree = "<group>"; };
		09E7DC962AF37232004DE546 /* MovieDabangUITests.xctest */ = {isa = PBXFileReference; explicitFileType = wrapper.cfbundle; includeInIndex = 0; path = MovieDabangUITests.xctest; sourceTree = BUILT_PRODUCTS_DIR; };
		09E7DC9A2AF37232004DE546 /* MovieDabangUITests.swift */ = {isa = PBXFileReference; lastKnownFileType = sourcecode.swift; path = MovieDabangUITests.swift; sourceTree = "<group>"; };
		09E7DC9C2AF37232004DE546 /* MovieDabangUITestsLaunchTests.swift */ = {isa = PBXFileReference; lastKnownFileType = sourcecode.swift; path = MovieDabangUITestsLaunchTests.swift; sourceTree = "<group>"; };
		61BABE552AF38C7200ADBD59 /* MovieDetailView.swift */ = {isa = PBXFileReference; lastKnownFileType = sourcecode.swift; path = MovieDetailView.swift; sourceTree = "<group>"; };
/* End PBXFileReference section */

/* Begin PBXFrameworksBuildPhase section */
		09E7DC792AF3722E004DE546 /* Frameworks */ = {
			isa = PBXFrameworksBuildPhase;
			buildActionMask = 2147483647;
			files = (
			);
			runOnlyForDeploymentPostprocessing = 0;
		};
		09E7DC892AF37232004DE546 /* Frameworks */ = {
			isa = PBXFrameworksBuildPhase;
			buildActionMask = 2147483647;
			files = (
			);
			runOnlyForDeploymentPostprocessing = 0;
		};
		09E7DC932AF37232004DE546 /* Frameworks */ = {
			isa = PBXFrameworksBuildPhase;
			buildActionMask = 2147483647;
			files = (
			);
			runOnlyForDeploymentPostprocessing = 0;
		};
/* End PBXFrameworksBuildPhase section */

/* Begin PBXGroup section */
		09E7DC732AF3722E004DE546 = {
			isa = PBXGroup;
			children = (
				09E7DC7E2AF3722E004DE546 /* MovieDabang */,
				09E7DC8F2AF37232004DE546 /* MovieDabangTests */,
				09E7DC992AF37232004DE546 /* MovieDabangUITests */,
				09E7DC7D2AF3722E004DE546 /* Products */,
			);
			sourceTree = "<group>";
		};
		09E7DC7D2AF3722E004DE546 /* Products */ = {
			isa = PBXGroup;
			children = (
				09E7DC7C2AF3722E004DE546 /* MovieDabang.app */,
				09E7DC8C2AF37232004DE546 /* MovieDabangTests.xctest */,
				09E7DC962AF37232004DE546 /* MovieDabangUITests.xctest */,
			);
			name = Products;
			sourceTree = "<group>";
		};
		09E7DC7E2AF3722E004DE546 /* MovieDabang */ = {
			isa = PBXGroup;
			children = (
				09E7DC7F2AF3722E004DE546 /* MovieDabangApp.swift */,
				09E7DC812AF3722E004DE546 /* ContentView.swift */,
				61BABE552AF38C7200ADBD59 /* MovieDetailView.swift */,
				09E7DC832AF37232004DE546 /* Assets.xcassets */,
				09E7DC852AF37232004DE546 /* Preview Content */,
			);
			path = MovieDabang;
			sourceTree = "<group>";
		};
		09E7DC852AF37232004DE546 /* Preview Content */ = {
			isa = PBXGroup;
			children = (
				09E7DC862AF37232004DE546 /* Preview Assets.xcassets */,
			);
			path = "Preview Content";
			sourceTree = "<group>";
		};
		09E7DC8F2AF37232004DE546 /* MovieDabangTests */ = {
			isa = PBXGroup;
			children = (
				09E7DC902AF37232004DE546 /* MovieDabangTests.swift */,
			);
			path = MovieDabangTests;
			sourceTree = "<group>";
		};
		09E7DC992AF37232004DE546 /* MovieDabangUITests */ = {
			isa = PBXGroup;
			children = (
				09E7DC9A2AF37232004DE546 /* MovieDabangUITests.swift */,
				09E7DC9C2AF37232004DE546 /* MovieDabangUITestsLaunchTests.swift */,
			);
			path = MovieDabangUITests;
			sourceTree = "<group>";
		};
/* End PBXGroup section */

/* Begin PBXNativeTarget section */
		09E7DC7B2AF3722E004DE546 /* MovieDabang */ = {
			isa = PBXNativeTarget;
			buildConfigurationList = 09E7DCA02AF37232004DE546 /* Build configuration list for PBXNativeTarget "MovieDabang" */;
			buildPhases = (
				09E7DC782AF3722E004DE546 /* Sources */,
				09E7DC792AF3722E004DE546 /* Frameworks */,
				09E7DC7A2AF3722E004DE546 /* Resources */,
			);
			buildRules = (
			);
			dependencies = (
			);
			name = MovieDabang;
			productName = MovieDabang;
			productReference = 09E7DC7C2AF3722E004DE546 /* MovieDabang.app */;
			productType = "com.apple.product-type.application";
		};
		09E7DC8B2AF37232004DE546 /* MovieDabangTests */ = {
			isa = PBXNativeTarget;
			buildConfigurationList = 09E7DCA32AF37232004DE546 /* Build configuration list for PBXNativeTarget "MovieDabangTests" */;
			buildPhases = (
				09E7DC882AF37232004DE546 /* Sources */,
				09E7DC892AF37232004DE546 /* Frameworks */,
				09E7DC8A2AF37232004DE546 /* Resources */,
			);
			buildRules = (
			);
			dependencies = (
				09E7DC8E2AF37232004DE546 /* PBXTargetDependency */,
			);
			name = MovieDabangTests;
			productName = MovieDabangTests;
			productReference = 09E7DC8C2AF37232004DE546 /* MovieDabangTests.xctest */;
			productType = "com.apple.product-type.bundle.unit-test";
		};
		09E7DC952AF37232004DE546 /* MovieDabangUITests */ = {
			isa = PBXNativeTarget;
			buildConfigurationList = 09E7DCA62AF37232004DE546 /* Build configuration list for PBXNativeTarget "MovieDabangUITests" */;
			buildPhases = (
				09E7DC922AF37232004DE546 /* Sources */,
				09E7DC932AF37232004DE546 /* Frameworks */,
				09E7DC942AF37232004DE546 /* Resources */,
			);
			buildRules = (
			);
			dependencies = (
				09E7DC982AF37232004DE546 /* PBXTargetDependency */,
			);
			name = MovieDabangUITests;
			productName = MovieDabangUITests;
			productReference = 09E7DC962AF37232004DE546 /* MovieDabangUITests.xctest */;
			productType = "com.apple.product-type.bundle.ui-testing";
		};
/* End PBXNativeTarget section */

/* Begin PBXProject section */
		09E7DC742AF3722E004DE546 /* Project object */ = {
			isa = PBXProject;
			attributes = {
				BuildIndependentTargetsInParallel = 1;
				LastSwiftUpdateCheck = 1500;
				LastUpgradeCheck = 1500;
				TargetAttributes = {
					09E7DC7B2AF3722E004DE546 = {
						CreatedOnToolsVersion = 15.0;
					};
					09E7DC8B2AF37232004DE546 = {
						CreatedOnToolsVersion = 15.0;
						TestTargetID = 09E7DC7B2AF3722E004DE546;
					};
					09E7DC952AF37232004DE546 = {
						CreatedOnToolsVersion = 15.0;
						TestTargetID = 09E7DC7B2AF3722E004DE546;
					};
				};
			};
			buildConfigurationList = 09E7DC772AF3722E004DE546 /* Build configuration list for PBXProject "MovieDabang" */;
			compatibilityVersion = "Xcode 14.0";
			developmentRegion = en;
			hasScannedForEncodings = 0;
			knownRegions = (
				en,
				Base,
			);
			mainGroup = 09E7DC732AF3722E004DE546;
			productRefGroup = 09E7DC7D2AF3722E004DE546 /* Products */;
			projectDirPath = "";
			projectRoot = "";
			targets = (
				09E7DC7B2AF3722E004DE546 /* MovieDabang */,
				09E7DC8B2AF37232004DE546 /* MovieDabangTests */,
				09E7DC952AF37232004DE546 /* MovieDabangUITests */,
			);
		};
/* End PBXProject section */

/* Begin PBXResourcesBuildPhase section */
		09E7DC7A2AF3722E004DE546 /* Resources */ = {
			isa = PBXResourcesBuildPhase;
			buildActionMask = 2147483647;
			files = (
				09E7DC872AF37232004DE546 /* Preview Assets.xcassets in Resources */,
				09E7DC842AF37232004DE546 /* Assets.xcassets in Resources */,
			);
			runOnlyForDeploymentPostprocessing = 0;
		};
		09E7DC8A2AF37232004DE546 /* Resources */ = {
			isa = PBXResourcesBuildPhase;
			buildActionMask = 2147483647;
			files = (
			);
			runOnlyForDeploymentPostprocessing = 0;
		};
		09E7DC942AF37232004DE546 /* Resources */ = {
			isa = PBXResourcesBuildPhase;
			buildActionMask = 2147483647;
			files = (
			);
			runOnlyForDeploymentPostprocessing = 0;
		};
/* End PBXResourcesBuildPhase section */

/* Begin PBXSourcesBuildPhase section */
		09E7DC782AF3722E004DE546 /* Sources */ = {
			isa = PBXSourcesBuildPhase;
			buildActionMask = 2147483647;
			files = (
				61BABE562AF38C7200ADBD59 /* MovieDetailView.swift in Sources */,
				09E7DC822AF3722E004DE546 /* ContentView.swift in Sources */,
				09E7DC802AF3722E004DE546 /* MovieDabangApp.swift in Sources */,
			);
			runOnlyForDeploymentPostprocessing = 0;
		};
		09E7DC882AF37232004DE546 /* Sources */ = {
			isa = PBXSourcesBuildPhase;
			buildActionMask = 2147483647;
			files = (
				09E7DC912AF37232004DE546 /* MovieDabangTests.swift in Sources */,
			);
			runOnlyForDeploymentPostprocessing = 0;
		};
		09E7DC922AF37232004DE546 /* Sources */ = {
			isa = PBXSourcesBuildPhase;
			buildActionMask = 2147483647;
			files = (
				09E7DC9D2AF37232004DE546 /* MovieDabangUITestsLaunchTests.swift in Sources */,
				09E7DC9B2AF37232004DE546 /* MovieDabangUITests.swift in Sources */,
			);
			runOnlyForDeploymentPostprocessing = 0;
		};
/* End PBXSourcesBuildPhase section */

/* Begin PBXTargetDependency section */
		09E7DC8E2AF37232004DE546 /* PBXTargetDependency */ = {
			isa = PBXTargetDependency;
			target = 09E7DC7B2AF3722E004DE546 /* MovieDabang */;
			targetProxy = 09E7DC8D2AF37232004DE546 /* PBXContainerItemProxy */;
		};
		09E7DC982AF37232004DE546 /* PBXTargetDependency */ = {
			isa = PBXTargetDependency;
			target = 09E7DC7B2AF3722E004DE546 /* MovieDabang */;
			targetProxy = 09E7DC972AF37232004DE546 /* PBXContainerItemProxy */;
		};
/* End PBXTargetDependency section */

/* Begin XCBuildConfiguration section */
		09E7DC9E2AF37232004DE546 /* Debug */ = {
			isa = XCBuildConfiguration;
			buildSettings = {
				ALWAYS_SEARCH_USER_PATHS = NO;
				ASSETCATALOG_COMPILER_GENERATE_SWIFT_ASSET_SYMBOL_EXTENSIONS = YES;
				CLANG_ANALYZER_NONNULL = YES;
				CLANG_ANALYZER_NUMBER_OBJECT_CONVERSION = YES_AGGRESSIVE;
				CLANG_CXX_LANGUAGE_STANDARD = "gnu++20";
				CLANG_ENABLE_MODULES = YES;
				CLANG_ENABLE_OBJC_ARC = YES;
				CLANG_ENABLE_OBJC_WEAK = YES;
				CLANG_WARN_BLOCK_CAPTURE_AUTORELEASING = YES;
				CLANG_WARN_BOOL_CONVERSION = YES;
				CLANG_WARN_COMMA = YES;
				CLANG_WARN_CONSTANT_CONVERSION = YES;
				CLANG_WARN_DEPRECATED_OBJC_IMPLEMENTATIONS = YES;
				CLANG_WARN_DIRECT_OBJC_ISA_USAGE = YES_ERROR;
				CLANG_WARN_DOCUMENTATION_COMMENTS = YES;
				CLANG_WARN_EMPTY_BODY = YES;
				CLANG_WARN_ENUM_CONVERSION = YES;
				CLANG_WARN_INFINITE_RECURSION = YES;
				CLANG_WARN_INT_CONVERSION = YES;
				CLANG_WARN_NON_LITERAL_NULL_CONVERSION = YES;
				CLANG_WARN_OBJC_IMPLICIT_RETAIN_SELF = YES;
				CLANG_WARN_OBJC_LITERAL_CONVERSION = YES;
				CLANG_WARN_OBJC_ROOT_CLASS = YES_ERROR;
				CLANG_WARN_QUOTED_INCLUDE_IN_FRAMEWORK_HEADER = YES;
				CLANG_WARN_RANGE_LOOP_ANALYSIS = YES;
				CLANG_WARN_STRICT_PROTOTYPES = YES;
				CLANG_WARN_SUSPICIOUS_MOVE = YES;
				CLANG_WARN_UNGUARDED_AVAILABILITY = YES_AGGRESSIVE;
				CLANG_WARN_UNREACHABLE_CODE = YES;
				CLANG_WARN__DUPLICATE_METHOD_MATCH = YES;
				COPY_PHASE_STRIP = NO;
				DEBUG_INFORMATION_FORMAT = dwarf;
				ENABLE_STRICT_OBJC_MSGSEND = YES;
				ENABLE_TESTABILITY = YES;
				ENABLE_USER_SCRIPT_SANDBOXING = YES;
				GCC_C_LANGUAGE_STANDARD = gnu17;
				GCC_DYNAMIC_NO_PIC = NO;
				GCC_NO_COMMON_BLOCKS = YES;
				GCC_OPTIMIZATION_LEVEL = 0;
				GCC_PREPROCESSOR_DEFINITIONS = (
					"DEBUG=1",
					"$(inherited)",
				);
				GCC_WARN_64_TO_32_BIT_CONVERSION = YES;
				GCC_WARN_ABOUT_RETURN_TYPE = YES_ERROR;
				GCC_WARN_UNDECLARED_SELECTOR = YES;
				GCC_WARN_UNINITIALIZED_AUTOS = YES_AGGRESSIVE;
				GCC_WARN_UNUSED_FUNCTION = YES;
				GCC_WARN_UNUSED_VARIABLE = YES;
				IPHONEOS_DEPLOYMENT_TARGET = 17.0;
				LOCALIZATION_PREFERS_STRING_CATALOGS = YES;
				MTL_ENABLE_DEBUG_INFO = INCLUDE_SOURCE;
				MTL_FAST_MATH = YES;
				ONLY_ACTIVE_ARCH = YES;
				SDKROOT = iphoneos;
				SWIFT_ACTIVE_COMPILATION_CONDITIONS = "DEBUG $(inherited)";
				SWIFT_OPTIMIZATION_LEVEL = "-Onone";
			};
			name = Debug;
		};
		09E7DC9F2AF37232004DE546 /* Release */ = {
			isa = XCBuildConfiguration;
			buildSettings = {
				ALWAYS_SEARCH_USER_PATHS = NO;
				ASSETCATALOG_COMPILER_GENERATE_SWIFT_ASSET_SYMBOL_EXTENSIONS = YES;
				CLANG_ANALYZER_NONNULL = YES;
				CLANG_ANALYZER_NUMBER_OBJECT_CONVERSION = YES_AGGRESSIVE;
				CLANG_CXX_LANGUAGE_STANDARD = "gnu++20";
				CLANG_ENABLE_MODULES = YES;
				CLANG_ENABLE_OBJC_ARC = YES;
				CLANG_ENABLE_OBJC_WEAK = YES;
				CLANG_WARN_BLOCK_CAPTURE_AUTORELEASING = YES;
				CLANG_WARN_BOOL_CONVERSION = YES;
				CLANG_WARN_COMMA = YES;
				CLANG_WARN_CONSTANT_CONVERSION = YES;
				CLANG_WARN_DEPRECATED_OBJC_IMPLEMENTATIONS = YES;
				CLANG_WARN_DIRECT_OBJC_ISA_USAGE = YES_ERROR;
				CLANG_WARN_DOCUMENTATION_COMMENTS = YES;
				CLANG_WARN_EMPTY_BODY = YES;
				CLANG_WARN_ENUM_CONVERSION = YES;
				CLANG_WARN_INFINITE_RECURSION = YES;
				CLANG_WARN_INT_CONVERSION = YES;
				CLANG_WARN_NON_LITERAL_NULL_CONVERSION = YES;
				CLANG_WARN_OBJC_IMPLICIT_RETAIN_SELF = YES;
				CLANG_WARN_OBJC_LITERAL_CONVERSION = YES;
				CLANG_WARN_OBJC_ROOT_CLASS = YES_ERROR;
				CLANG_WARN_QUOTED_INCLUDE_IN_FRAMEWORK_HEADER = YES;
				CLANG_WARN_RANGE_LOOP_ANALYSIS = YES;
				CLANG_WARN_STRICT_PROTOTYPES = YES;
				CLANG_WARN_SUSPICIOUS_MOVE = YES;
				CLANG_WARN_UNGUARDED_AVAILABILITY = YES_AGGRESSIVE;
				CLANG_WARN_UNREACHABLE_CODE = YES;
				CLANG_WARN__DUPLICATE_METHOD_MATCH = YES;
				COPY_PHASE_STRIP = NO;
				DEBUG_INFORMATION_FORMAT = "dwarf-with-dsym";
				ENABLE_NS_ASSERTIONS = NO;
				ENABLE_STRICT_OBJC_MSGSEND = YES;
				ENABLE_USER_SCRIPT_SANDBOXING = YES;
				GCC_C_LANGUAGE_STANDARD = gnu17;
				GCC_NO_COMMON_BLOCKS = YES;
				GCC_WARN_64_TO_32_BIT_CONVERSION = YES;
				GCC_WARN_ABOUT_RETURN_TYPE = YES_ERROR;
				GCC_WARN_UNDECLARED_SELECTOR = YES;
				GCC_WARN_UNINITIALIZED_AUTOS = YES_AGGRESSIVE;
				GCC_WARN_UNUSED_FUNCTION = YES;
				GCC_WARN_UNUSED_VARIABLE = YES;
				IPHONEOS_DEPLOYMENT_TARGET = 17.0;
				LOCALIZATION_PREFERS_STRING_CATALOGS = YES;
				MTL_ENABLE_DEBUG_INFO = NO;
				MTL_FAST_MATH = YES;
				SDKROOT = iphoneos;
				SWIFT_COMPILATION_MODE = wholemodule;
				VALIDATE_PRODUCT = YES;
			};
			name = Release;
		};
		09E7DCA12AF37232004DE546 /* Debug */ = {
			isa = XCBuildConfiguration;
			buildSettings = {
				ASSETCATALOG_COMPILER_APPICON_NAME = AppIcon;
				ASSETCATALOG_COMPILER_GLOBAL_ACCENT_COLOR_NAME = AccentColor;
				CODE_SIGN_STYLE = Automatic;
				CURRENT_PROJECT_VERSION = 1;
				DEVELOPMENT_ASSET_PATHS = "\"MovieDabang/Preview Content\"";
				DEVELOPMENT_TEAM = CT6J74BCFP;
				ENABLE_PREVIEWS = YES;
				GENERATE_INFOPLIST_FILE = YES;
				INFOPLIST_KEY_UIApplicationSceneManifest_Generation = YES;
				INFOPLIST_KEY_UIApplicationSupportsIndirectInputEvents = YES;
				INFOPLIST_KEY_UILaunchScreen_Generation = YES;
				INFOPLIST_KEY_UISupportedInterfaceOrientations_iPad = "UIInterfaceOrientationPortrait UIInterfaceOrientationPortraitUpsideDown UIInterfaceOrientationLandscapeLeft UIInterfaceOrientationLandscapeRight";
				INFOPLIST_KEY_UISupportedInterfaceOrientations_iPhone = "UIInterfaceOrientationPortrait UIInterfaceOrientationLandscapeLeft UIInterfaceOrientationLandscapeRight";
				LD_RUNPATH_SEARCH_PATHS = (
					"$(inherited)",
					"@executable_path/Frameworks",
				);
				MARKETING_VERSION = 1.0;
				PRODUCT_BUNDLE_IDENTIFIER = com.phang.MovieDabang;
				PRODUCT_NAME = "$(TARGET_NAME)";
				SWIFT_EMIT_LOC_STRINGS = YES;
				SWIFT_VERSION = 5.0;
				TARGETED_DEVICE_FAMILY = "1,2";
			};
			name = Debug;
		};
		09E7DCA22AF37232004DE546 /* Release */ = {
			isa = XCBuildConfiguration;
			buildSettings = {
				ASSETCATALOG_COMPILER_APPICON_NAME = AppIcon;
				ASSETCATALOG_COMPILER_GLOBAL_ACCENT_COLOR_NAME = AccentColor;
				CODE_SIGN_STYLE = Automatic;
				CURRENT_PROJECT_VERSION = 1;
				DEVELOPMENT_ASSET_PATHS = "\"MovieDabang/Preview Content\"";
				DEVELOPMENT_TEAM = CT6J74BCFP;
				ENABLE_PREVIEWS = YES;
				GENERATE_INFOPLIST_FILE = YES;
				INFOPLIST_KEY_UIApplicationSceneManifest_Generation = YES;
				INFOPLIST_KEY_UIApplicationSupportsIndirectInputEvents = YES;
				INFOPLIST_KEY_UILaunchScreen_Generation = YES;
				INFOPLIST_KEY_UISupportedInterfaceOrientations_iPad = "UIInterfaceOrientationPortrait UIInterfaceOrientationPortraitUpsideDown UIInterfaceOrientationLandscapeLeft UIInterfaceOrientationLandscapeRight";
				INFOPLIST_KEY_UISupportedInterfaceOrientations_iPhone = "UIInterfaceOrientationPortrait UIInterfaceOrientationLandscapeLeft UIInterfaceOrientationLandscapeRight";
				LD_RUNPATH_SEARCH_PATHS = (
					"$(inherited)",
					"@executable_path/Frameworks",
				);
				MARKETING_VERSION = 1.0;
				PRODUCT_BUNDLE_IDENTIFIER = com.phang.MovieDabang;
				PRODUCT_NAME = "$(TARGET_NAME)";
				SWIFT_EMIT_LOC_STRINGS = YES;
				SWIFT_VERSION = 5.0;
				TARGETED_DEVICE_FAMILY = "1,2";
			};
			name = Release;
		};
		09E7DCA42AF37232004DE546 /* Debug */ = {
			isa = XCBuildConfiguration;
			buildSettings = {
				ALWAYS_EMBED_SWIFT_STANDARD_LIBRARIES = YES;
				BUNDLE_LOADER = "$(TEST_HOST)";
				CODE_SIGN_STYLE = Automatic;
				CURRENT_PROJECT_VERSION = 1;
				DEVELOPMENT_TEAM = CT6J74BCFP;
				GENERATE_INFOPLIST_FILE = YES;
				IPHONEOS_DEPLOYMENT_TARGET = 17.0;
				MARKETING_VERSION = 1.0;
				PRODUCT_BUNDLE_IDENTIFIER = com.phang.MovieDabangTests;
				PRODUCT_NAME = "$(TARGET_NAME)";
				SWIFT_EMIT_LOC_STRINGS = NO;
				SWIFT_VERSION = 5.0;
				TARGETED_DEVICE_FAMILY = "1,2";
				TEST_HOST = "$(BUILT_PRODUCTS_DIR)/MovieDabang.app/$(BUNDLE_EXECUTABLE_FOLDER_PATH)/MovieDabang";
			};
			name = Debug;
		};
		09E7DCA52AF37232004DE546 /* Release */ = {
			isa = XCBuildConfiguration;
			buildSettings = {
				ALWAYS_EMBED_SWIFT_STANDARD_LIBRARIES = YES;
				BUNDLE_LOADER = "$(TEST_HOST)";
				CODE_SIGN_STYLE = Automatic;
				CURRENT_PROJECT_VERSION = 1;
				DEVELOPMENT_TEAM = CT6J74BCFP;
				GENERATE_INFOPLIST_FILE = YES;
				IPHONEOS_DEPLOYMENT_TARGET = 17.0;
				MARKETING_VERSION = 1.0;
				PRODUCT_BUNDLE_IDENTIFIER = com.phang.MovieDabangTests;
				PRODUCT_NAME = "$(TARGET_NAME)";
				SWIFT_EMIT_LOC_STRINGS = NO;
				SWIFT_VERSION = 5.0;
				TARGETED_DEVICE_FAMILY = "1,2";
				TEST_HOST = "$(BUILT_PRODUCTS_DIR)/MovieDabang.app/$(BUNDLE_EXECUTABLE_FOLDER_PATH)/MovieDabang";
			};
			name = Release;
		};
		09E7DCA72AF37232004DE546 /* Debug */ = {
			isa = XCBuildConfiguration;
			buildSettings = {
				ALWAYS_EMBED_SWIFT_STANDARD_LIBRARIES = YES;
				CODE_SIGN_STYLE = Automatic;
				CURRENT_PROJECT_VERSION = 1;
				DEVELOPMENT_TEAM = CT6J74BCFP;
				GENERATE_INFOPLIST_FILE = YES;
				MARKETING_VERSION = 1.0;
				PRODUCT_BUNDLE_IDENTIFIER = com.phang.MovieDabangUITests;
				PRODUCT_NAME = "$(TARGET_NAME)";
				SWIFT_EMIT_LOC_STRINGS = NO;
				SWIFT_VERSION = 5.0;
				TARGETED_DEVICE_FAMILY = "1,2";
				TEST_TARGET_NAME = MovieDabang;
			};
			name = Debug;
		};
		09E7DCA82AF37232004DE546 /* Release */ = {
			isa = XCBuildConfiguration;
			buildSettings = {
				ALWAYS_EMBED_SWIFT_STANDARD_LIBRARIES = YES;
				CODE_SIGN_STYLE = Automatic;
				CURRENT_PROJECT_VERSION = 1;
				DEVELOPMENT_TEAM = CT6J74BCFP;
				GENERATE_INFOPLIST_FILE = YES;
				MARKETING_VERSION = 1.0;
				PRODUCT_BUNDLE_IDENTIFIER = com.phang.MovieDabangUITests;
				PRODUCT_NAME = "$(TARGET_NAME)";
				SWIFT_EMIT_LOC_STRINGS = NO;
				SWIFT_VERSION = 5.0;
				TARGETED_DEVICE_FAMILY = "1,2";
				TEST_TARGET_NAME = MovieDabang;
			};
			name = Release;
		};
/* End XCBuildConfiguration section */

/* Begin XCConfigurationList section */
		09E7DC772AF3722E004DE546 /* Build configuration list for PBXProject "MovieDabang" */ = {
			isa = XCConfigurationList;
			buildConfigurations = (
				09E7DC9E2AF37232004DE546 /* Debug */,
				09E7DC9F2AF37232004DE546 /* Release */,
			);
			defaultConfigurationIsVisible = 0;
			defaultConfigurationName = Release;
		};
		09E7DCA02AF37232004DE546 /* Build configuration list for PBXNativeTarget "MovieDabang" */ = {
			isa = XCConfigurationList;
			buildConfigurations = (
				09E7DCA12AF37232004DE546 /* Debug */,
				09E7DCA22AF37232004DE546 /* Release */,
			);
			defaultConfigurationIsVisible = 0;
			defaultConfigurationName = Release;
		};
		09E7DCA32AF37232004DE546 /* Build configuration list for PBXNativeTarget "MovieDabangTests" */ = {
			isa = XCConfigurationList;
			buildConfigurations = (
				09E7DCA42AF37232004DE546 /* Debug */,
				09E7DCA52AF37232004DE546 /* Release */,
			);
			defaultConfigurationIsVisible = 0;
			defaultConfigurationName = Release;
		};
		09E7DCA62AF37232004DE546 /* Build configuration list for PBXNativeTarget "MovieDabangUITests" */ = {
			isa = XCConfigurationList;
			buildConfigurations = (
				09E7DCA72AF37232004DE546 /* Debug */,
				09E7DCA82AF37232004DE546 /* Release */,
			);
			defaultConfigurationIsVisible = 0;
			defaultConfigurationName = Release;
		};
/* End XCConfigurationList section */
	};
	rootObject = 09E7DC742AF3722E004DE546 /* Project object */;
}
